// !$*UTF8*$!
{
	archiveVersion = 1;
	classes = {
	};
	objectVersion = 70;
	objects = {

/* Begin PBXBuildFile section */
		14BE50F8F291D4ADC66350BB /* DrillStimulus.swift in Sources */ = {isa = PBXBuildFile; fileRef = BADDDFAC5173C17DE632181C /* DrillStimulus.swift */; };
		CFF8CEECAE10AFC465C90B49 /* LadderPattern.swift in Sources */ = {isa = PBXBuildFile; fileRef = F7FC8A0C3270DE3C1403E591 /* LadderPattern.swift */; };
		913A87BFC43AC3C741BA0132 /* LadderAnimationView.swift in Sources */ = {isa = PBXBuildFile; fileRef = 410D239A0AD31AAE31F40B18 /* LadderAnimationView.swift */; };
		F2C97649A4A505A130E98EAA /* FootworkPattern.swift in Sources */ = {isa = PBXBuildFile; fileRef = C3117F79E7B7C3AAE03D2C18 /* FootworkPattern.swift */; };
		739508D4B1FFF80B8A493703 /* FootworkAnimationView.swift in Sources */ = {isa = PBXBuildFile; fileRef = AB6E8F72B3FCDC6116C0E5D3 /* FootworkAnimationView.swift */; };
		72A3CB054AD3EA553C5A2737 /* AdaptiveDifficulty.swift in Sources */ = {isa = PBXBuildFile; fileRef = F0AEED445BC2C83FADADA358 /* AdaptiveDifficulty.swift */; };
		B275E1B106C7B1E950DCB6BD /* ReactionDrillEngine.swift in Sources */ = {isa = PBXBuildFile; fileRef = CE0F39D32B67FE6D97EF61A6 /* ReactionDrillEngine.swift */; };
		DC1325022CB4C9F20014185A /* FullTimer.swift in Sources */ = {isa = PBXBuildFile; fileRef = DC1325012CB4C9E40014185A /* FullTimer.swift */; };
		DC3F22902B2E7AF800BE575B /* GoogleService-Info.plist in Resources */ = {isa = PBXBuildFile; fileRef = DC3F228F2B2E7AF800BE575B /* GoogleService-Info.plist */; };
		DC3F22932B2E7D5B00BE575B /* FirebaseAnalytics in Frameworks */ = {isa = PBXBuildFile; productRef = DC3F22922B2E7D5B00BE575B /* FirebaseAnalytics */; };
		DC3F22952B2E7D5B00BE575B /* FirebaseAnalyticsOnDeviceConversion in Frameworks */ = {isa = PBXBuildFile; productRef = DC3F22942B2E7D5B00BE575B /* FirebaseAnalyticsOnDeviceConversion */; };
		DC3F22972B2E7D5B00BE575B /* FirebaseAnalyticsSwift in Frameworks */ = {isa = PBXBuildFile; productRef = DC3F22962B2E7D5B00BE575B /* FirebaseAnalyticsSwift */; };
		DC3F22992B2E7D5B00BE575B /* FirebaseAnalyticsWithoutAdIdSupport in Frameworks */ = {isa = PBXBuildFile; productRef = DC3F22982B2E7D5B00BE575B /* FirebaseAnalyticsWithoutAdIdSupport */; };
		DC3F229B2B2E7D5B00BE575B /* FirebaseAppCheck in Frameworks */ = {isa = PBXBuildFile; productRef = DC3F229A2B2E7D5B00BE575B /* FirebaseAppCheck */; };
		DC3F229D2B2E7D5B00BE575B /* FirebaseAppDistribution-Beta in Frameworks */ = {isa = PBXBuildFile; productRef = DC3F229C2B2E7D5B00BE575B /* FirebaseAppDistribution-Beta */; };
		DC3F229F2B2E7D5B00BE575B /* FirebaseAuth in Frameworks */ = {isa = PBXBuildFile; productRef = DC3F229E2B2E7D5B00BE575B /* FirebaseAuth */; };
		DC3F22A12B2E7D5B00BE575B /* FirebaseAuthCombine-Community in Frameworks */ = {isa = PBXBuildFile; productRef = DC3F22A02B2E7D5B00BE575B /* FirebaseAuthCombine-Community */; };
		DC3F22A32B2E7D5B00BE575B /* FirebaseCrashlytics in Frameworks */ = {isa = PBXBuildFile; productRef = DC3F22A22B2E7D5B00BE575B /* FirebaseCrashlytics */; };
		DC3F22A52B2E7D5B00BE575B /* FirebaseDatabase in Frameworks */ = {isa = PBXBuildFile; productRef = DC3F22A42B2E7D5B00BE575B /* FirebaseDatabase */; };
		DC3F22A72B2E7D5B00BE575B /* FirebaseDatabaseSwift in Frameworks */ = {isa = PBXBuildFile; productRef = DC3F22A62B2E7D5B00BE575B /* FirebaseDatabaseSwift */; };
		DC3F22A92B2E7D5B00BE575B /* FirebaseDynamicLinks in Frameworks */ = {isa = PBXBuildFile; productRef = DC3F22A82B2E7D5B00BE575B /* FirebaseDynamicLinks */; };
		DC3F22AB2B2E7D5B00BE575B /* FirebaseFirestore in Frameworks */ = {isa = PBXBuildFile; productRef = DC3F22AA2B2E7D5B00BE575B /* FirebaseFirestore */; };
		DC3F22AD2B2E7D5B00BE575B /* FirebaseFirestoreCombine-Community in Frameworks */ = {isa = PBXBuildFile; productRef = DC3F22AC2B2E7D5B00BE575B /* FirebaseFirestoreCombine-Community */; };
		DC3F22AF2B2E7D5B00BE575B /* FirebaseFirestoreSwift in Frameworks */ = {isa = PBXBuildFile; productRef = DC3F22AE2B2E7D5B00BE575B /* FirebaseFirestoreSwift */; };
		DC3F22B12B2E7D5B00BE575B /* FirebaseFunctions in Frameworks */ = {isa = PBXBuildFile; productRef = DC3F22B02B2E7D5B00BE575B /* FirebaseFunctions */; };
		DC3F22B32B2E7D5B00BE575B /* FirebaseFunctionsCombine-Community in Frameworks */ = {isa = PBXBuildFile; productRef = DC3F22B22B2E7D5B00BE575B /* FirebaseFunctionsCombine-Community */; };
		DC3F22B52B2E7D5B00BE575B /* FirebaseInAppMessaging-Beta in Frameworks */ = {isa = PBXBuildFile; productRef = DC3F22B42B2E7D5B00BE575B /* FirebaseInAppMessaging-Beta */; };
		DC3F22B72B2E7D5B00BE575B /* FirebaseInAppMessagingSwift-Beta in Frameworks */ = {isa = PBXBuildFile; productRef = DC3F22B62B2E7D5B00BE575B /* FirebaseInAppMessagingSwift-Beta */; };
		DC3F22B92B2E7D5B00BE575B /* FirebaseInstallations in Frameworks */ = {isa = PBXBuildFile; productRef = DC3F22B82B2E7D5B00BE575B /* FirebaseInstallations */; };
		DC3F22BB2B2E7D5B00BE575B /* FirebaseMLModelDownloader in Frameworks */ = {isa = PBXBuildFile; productRef = DC3F22BA2B2E7D5B00BE575B /* FirebaseMLModelDownloader */; };
		DC3F22BD2B2E7D5B00BE575B /* FirebaseMessaging in Frameworks */ = {isa = PBXBuildFile; productRef = DC3F22BC2B2E7D5B00BE575B /* FirebaseMessaging */; };
		DC3F22BF2B2E7D5B00BE575B /* FirebasePerformance in Frameworks */ = {isa = PBXBuildFile; productRef = DC3F22BE2B2E7D5B00BE575B /* FirebasePerformance */; };
		DC3F22C12B2E7D5B00BE575B /* FirebaseRemoteConfig in Frameworks */ = {isa = PBXBuildFile; productRef = DC3F22C02B2E7D5B00BE575B /* FirebaseRemoteConfig */; };
		DC3F22C32B2E7D5B00BE575B /* FirebaseRemoteConfigSwift in Frameworks */ = {isa = PBXBuildFile; productRef = DC3F22C22B2E7D5B00BE575B /* FirebaseRemoteConfigSwift */; };
		DC3F22C52B2E7D5B00BE575B /* FirebaseStorage in Frameworks */ = {isa = PBXBuildFile; productRef = DC3F22C42B2E7D5B00BE575B /* FirebaseStorage */; };
		DC3F22C72B2E7D5B00BE575B /* FirebaseStorageCombine-Community in Frameworks */ = {isa = PBXBuildFile; productRef = DC3F22C62B2E7D5B00BE575B /* FirebaseStorageCombine-Community */; };
		DC3F22E12B315EEF00BE575B /* VideoDetailView.swift in Sources */ = {isa = PBXBuildFile; fileRef = DC3F22E02B315EEF00BE575B /* VideoDetailView.swift */; };
		DC72B68F2B1F09EF008C7392 /* Image.swift in Sources */ = {isa = PBXBuildFile; fileRef = DC72B68E2B1F09EF008C7392 /* Image.swift */; };
		DC72B6932B1FFE32008C7392 /* MobWorkouts.swift in Sources */ = {isa = PBXBuildFile; fileRef = DC72B6922B1FFE32008C7392 /* MobWorkouts.swift */; };
		DC72B6952B21A99F008C7392 /* DrillWorkouts.swift in Sources */ = {isa = PBXBuildFile; fileRef = DC72B6942B21A99F008C7392 /* DrillWorkouts.swift */; };
		DC7D01A22FA46FEF009B6F25 /* ColorCallSetupView.swift in Sources */ = {isa = PBXBuildFile; fileRef = DC7D019D2FA46FEF009B6F25 /* ColorCallSetupView.swift */; };
		DC7D01A32FA46FEF009B6F25 /* ReactionDrillActiveView.swift in Sources */ = {isa = PBXBuildFile; fileRef = DC7D019E2FA46FEF009B6F25 /* ReactionDrillActiveView.swift */; };
		DC7D01A42FA46FEF009B6F25 /* ReactionDrillModels.swift in Sources */ = {isa = PBXBuildFile; fileRef = DC7D019F2FA46FEF009B6F25 /* ReactionDrillModels.swift */; };
		DC7D01A52FA46FEF009B6F25 /* ReactionDrillResultsView.swift in Sources */ = {isa = PBXBuildFile; fileRef = DC7D01A02FA46FEF009B6F25 /* ReactionDrillResultsView.swift */; };
		DC7D01A72FA47047009B6F25 /* SoundPlayer.swift in Sources */ = {isa = PBXBuildFile; fileRef = DC7D01A62FA47047009B6F25 /* SoundPlayer.swift */; };
		DC9416122CD9BE6F00130DFB /* SideMenuView.swift in Sources */ = {isa = PBXBuildFile; fileRef = DC9416112CD9BE5D00130DFB /* SideMenuView.swift */; };
		DC9416142CD9C06200130DFB /* SideMenuHeaderView.swift in Sources */ = {isa = PBXBuildFile; fileRef = DC9416132CD9C05800130DFB /* SideMenuHeaderView.swift */; };
		DC9416162CD9CCDC00130DFB /* SideMenuRowView.swift in Sources */ = {isa = PBXBuildFile; fileRef = DC9416152CD9CCD400130DFB /* SideMenuRowView.swift */; };
		DC9416182CD9D50500130DFB /* SideMenuOptionModel.swift in Sources */ = {isa = PBXBuildFile; fileRef = DC9416172CD9D4FF00130DFB /* SideMenuOptionModel.swift */; };
		DCA8BBE92AF04892004B1D6C /* TrainingAppApp.swift in Sources */ = {isa = PBXBuildFile; fileRef = DCA8BBE82AF04892004B1D6C /* TrainingAppApp.swift */; };
		DCA8BBEB2AF04892004B1D6C /* ContentView.swift in Sources */ = {isa = PBXBuildFile; fileRef = DCA8BBEA2AF04892004B1D6C /* ContentView.swift */; };
		DCA8BBED2AF04893004B1D6C /* Assets.xcassets in Resources */ = {isa = PBXBuildFile; fileRef = DCA8BBEC2AF04893004B1D6C /* Assets.xcassets */; };
		DCA8BBF02AF04893004B1D6C /* Preview Assets.xcassets in Resources */ = {isa = PBXBuildFile; fileRef = DCA8BBEF2AF04893004B1D6C /* Preview Assets.xcassets */; };
		DCA8BBFB2AF44EEA004B1D6C /* HomePage.swift in Sources */ = {isa = PBXBuildFile; fileRef = DCA8BBFA2AF44EEA004B1D6C /* HomePage.swift */; };
		DCA8BBFD2AF44F13004B1D6C /* DrillsPage.swift in Sources */ = {isa = PBXBuildFile; fileRef = DCA8BBFC2AF44F13004B1D6C /* DrillsPage.swift */; };
		DCA8BC012AF44F39004B1D6C /* MobilityPage.swift in Sources */ = {isa = PBXBuildFile; fileRef = DCA8BC002AF44F39004B1D6C /* MobilityPage.swift */; };
		DCA8BC0D2B164708004B1D6C /* referee-blowing-whistle-sound-effect.mp3 in Resources */ = {isa = PBXBuildFile; fileRef = DCA8BC0C2B164708004B1D6C /* referee-blowing-whistle-sound-effect.mp3 */; };
		DCBB00022FA46FEF009B6F25 /* SessionRecord.swift in Sources */ = {isa = PBXBuildFile; fileRef = DCBB00012FA46FEF009B6F25 /* SessionRecord.swift */; };
		DCBB00042FA46FEF009B6F25 /* NumberCallSetupView.swift in Sources */ = {isa = PBXBuildFile; fileRef = DCBB00032FA46FEF009B6F25 /* NumberCallSetupView.swift */; };
		DCBB00062FA46FEF009B6F25 /* DirectionCallSetupView.swift in Sources */ = {isa = PBXBuildFile; fileRef = DCBB00052FA46FEF009B6F25 /* DirectionCallSetupView.swift */; };
		DCBB00082FA46FEF009B6F25 /* HistoryPage.swift in Sources */ = {isa = PBXBuildFile; fileRef = DCBB00072FA46FEF009B6F25 /* HistoryPage.swift */; };
		DCC8EA07304F2EB20036250C /* TrainingApp Watch App Watch App.app in Embed Watch Content */ = {isa = PBXBuildFile; fileRef = DCC8EA06304F2EB20036250C /* TrainingApp Watch App Watch App.app */; settings = {ATTRIBUTES = (RemoveHeadersOnCopy, ); }; };
		A4B21C51228B910150ACD913 /* ReactionDrillModels.swift in Sources */ = {isa = PBXBuildFile; fileRef = DC7D019F2FA46FEF009B6F25 /* ReactionDrillModels.swift */; };
		189A9770EE0B2C8070453624 /* DrillStimulus.swift in Sources */ = {isa = PBXBuildFile; fileRef = BADDDFAC5173C17DE632181C /* DrillStimulus.swift */; };
		83E3A6F599E451F3E82906E7 /* AdaptiveDifficulty.swift in Sources */ = {isa = PBXBuildFile; fileRef = F0AEED445BC2C83FADADA358 /* AdaptiveDifficulty.swift */; };
		BD764D47E6A0BFA6916DB840 /* ReactionDrillEngine.swift in Sources */ = {isa = PBXBuildFile; fileRef = CE0F39D32B67FE6D97EF61A6 /* ReactionDrillEngine.swift */; };
		6B6EB5656E176334964FC01E /* DrillResultPayload.swift in Sources */ = {isa = PBXBuildFile; fileRef = 284763F212C5DDDE31F3E830 /* DrillResultPayload.swift */; };
		D81214C00E6637962DEF5AE5 /* DrillResultPayload.swift in Sources */ = {isa = PBXBuildFile; fileRef = 284763F212C5DDDE31F3E830 /* DrillResultPayload.swift */; };
		44F26CB17DCAA00398803799 /* PhoneSessionCoordinator.swift in Sources */ = {isa = PBXBuildFile; fileRef = F936DD8189B4B13858C82A78 /* PhoneSessionCoordinator.swift */; };
/* End PBXBuildFile section */

/* Begin PBXContainerItemProxy section */
		DC1324D82CA19C900014185A /* PBXContainerItemProxy */ = {
			isa = PBXContainerItemProxy;
			containerPortal = DCA8BBDD2AF04892004B1D6C /* Project object */;
			proxyType = 1;
			remoteGlobalIDString = DC1324C72CA19C8E0014185A;
			remoteInfo = Phesian;
		};
		DC1324E22CA19C900014185A /* PBXContainerItemProxy */ = {
			isa = PBXContainerItemProxy;
			containerPortal = DCA8BBDD2AF04892004B1D6C /* Project object */;
			proxyType = 1;
			remoteGlobalIDString = DC1324C72CA19C8E0014185A;
			remoteInfo = Phesian;
		};
		DCC8EA08304F2EB20036250C /* PBXContainerItemProxy */ = {
			isa = PBXContainerItemProxy;
			containerPortal = DCA8BBDD2AF04892004B1D6C /* Project object */;
			proxyType = 1;
			remoteGlobalIDString = DCC8EA05304F2EB20036250C;
			remoteInfo = "TrainingApp Watch App Watch App";
		};
		DCC8EA16304F2EB30036250C /* PBXContainerItemProxy */ = {
			isa = PBXContainerItemProxy;
			containerPortal = DCA8BBDD2AF04892004B1D6C /* Project object */;
			proxyType = 1;
			remoteGlobalIDString = DCC8EA05304F2EB20036250C;
			remoteInfo = "TrainingApp Watch App Watch App";
		};
		DCC8EA20304F2EB30036250C /* PBXContainerItemProxy */ = {
			isa = PBXContainerItemProxy;
			containerPortal = DCA8BBDD2AF04892004B1D6C /* Project object */;
			proxyType = 1;
			remoteGlobalIDString = DCC8EA05304F2EB20036250C;
			remoteInfo = "TrainingApp Watch App Watch App";
		};
/* End PBXContainerItemProxy section */

/* Begin PBXCopyFilesBuildPhase section */
		DCC8EA29304F2EB30036250C /* Embed Watch Content */ = {
			isa = PBXCopyFilesBuildPhase;
			buildActionMask = 2147483647;
			dstPath = "$(CONTENTS_FOLDER_PATH)/Watch";
			dstSubfolderSpec = 16;
			files = (
				DCC8EA07304F2EB20036250C /* TrainingApp Watch App Watch App.app in Embed Watch Content */,
			);
			name = "Embed Watch Content";
			runOnlyForDeploymentPostprocessing = 0;
		};
/* End PBXCopyFilesBuildPhase section */

/* Begin PBXFileReference section */
		BADDDFAC5173C17DE632181C /* DrillStimulus.swift */ = {isa = PBXFileReference; lastKnownFileType = sourcecode.swift; path = DrillStimulus.swift; sourceTree = "<group>"; };
		CE0F39D32B67FE6D97EF61A6 /* ReactionDrillEngine.swift */ = {isa = PBXFileReference; lastKnownFileType = sourcecode.swift; path = ReactionDrillEngine.swift; sourceTree = "<group>"; };
		DC1324C82CA19C8E0014185A /* Phesian.app */ = {isa = PBXFileReference; explicitFileType = wrapper.application; includeInIndex = 0; path = Phesian.app; sourceTree = BUILT_PRODUCTS_DIR; };
		DC1324D72CA19C900014185A /* PhesianTests.xctest */ = {isa = PBXFileReference; explicitFileType = wrapper.cfbundle; includeInIndex = 0; path = PhesianTests.xctest; sourceTree = BUILT_PRODUCTS_DIR; };
		DC1324E12CA19C900014185A /* PhesianUITests.xctest */ = {isa = PBXFileReference; explicitFileType = wrapper.cfbundle; includeInIndex = 0; path = PhesianUITests.xctest; sourceTree = BUILT_PRODUCTS_DIR; };
		DC1325012CB4C9E40014185A /* FullTimer.swift */ = {isa = PBXFileReference; lastKnownFileType = sourcecode.swift; path = FullTimer.swift; sourceTree = "<group>"; };
		DC3F228F2B2E7AF800BE575B /* GoogleService-Info.plist */ = {isa = PBXFileReference; lastKnownFileType = text.plist; path = "GoogleService-Info.plist"; sourceTree = SOURCE_ROOT; };
		DC3F22E02B315EEF00BE575B /* VideoDetailView.swift */ = {isa = PBXFileReference; lastKnownFileType = sourcecode.swift; path = VideoDetailView.swift; sourceTree = "<group>"; };
		DC3F22E62B43633800BE575B /* TrainingApp.entitlements */ = {isa = PBXFileReference; lastKnownFileType = text.plist.entitlements; path = TrainingApp.entitlements; sourceTree = "<group>"; };
		DC72B68E2B1F09EF008C7392 /* Image.swift */ = {isa = PBXFileReference; lastKnownFileType = sourcecode.swift; path = Image.swift; sourceTree = "<group>"; };
		DC72B6922B1FFE32008C7392 /* MobWorkouts.swift */ = {isa = PBXFileReference; lastKnownFileType = sourcecode.swift; path = MobWorkouts.swift; sourceTree = "<group>"; };
		DC72B6942B21A99F008C7392 /* DrillWorkouts.swift */ = {isa = PBXFileReference; lastKnownFileType = sourcecode.swift; path = DrillWorkouts.swift; sourceTree = "<group>"; };
		F7FC8A0C3270DE3C1403E591 /* LadderPattern.swift */ = {isa = PBXFileReference; lastKnownFileType = sourcecode.swift; path = LadderPattern.swift; sourceTree = "<group>"; };
		410D239A0AD31AAE31F40B18 /* LadderAnimationView.swift */ = {isa = PBXFileReference; lastKnownFileType = sourcecode.swift; path = LadderAnimationView.swift; sourceTree = "<group>"; };
		C3117F79E7B7C3AAE03D2C18 /* FootworkPattern.swift */ = {isa = PBXFileReference; lastKnownFileType = sourcecode.swift; path = FootworkPattern.swift; sourceTree = "<group>"; };
		AB6E8F72B3FCDC6116C0E5D3 /* FootworkAnimationView.swift */ = {isa = PBXFileReference; lastKnownFileType = sourcecode.swift; path = FootworkAnimationView.swift; sourceTree = "<group>"; };
		DC7D019D2FA46FEF009B6F25 /* ColorCallSetupView.swift */ = {isa = PBXFileReference; lastKnownFileType = sourcecode.swift; path = ColorCallSetupView.swift; sourceTree = "<group>"; };
		DC7D019E2FA46FEF009B6F25 /* ReactionDrillActiveView.swift */ = {isa = PBXFileReference; lastKnownFileType = sourcecode.swift; path = ReactionDrillActiveView.swift; sourceTree = "<group>"; };
		DC7D019F2FA46FEF009B6F25 /* ReactionDrillModels.swift */ = {isa = PBXFileReference; lastKnownFileType = sourcecode.swift; path = ReactionDrillModels.swift; sourceTree = "<group>"; };
		DC7D01A02FA46FEF009B6F25 /* ReactionDrillResultsView.swift */ = {isa = PBXFileReference; lastKnownFileType = sourcecode.swift; path = ReactionDrillResultsView.swift; sourceTree = "<group>"; };
		DC7D01A62FA47047009B6F25 /* SoundPlayer.swift */ = {isa = PBXFileReference; lastKnownFileType = sourcecode.swift; path = SoundPlayer.swift; sourceTree = "<group>"; };
		DC9416112CD9BE5D00130DFB /* SideMenuView.swift */ = {isa = PBXFileReference; lastKnownFileType = sourcecode.swift; path = SideMenuView.swift; sourceTree = "<group>"; };
		DC9416132CD9C05800130DFB /* SideMenuHeaderView.swift */ = {isa = PBXFileReference; lastKnownFileType = sourcecode.swift; path = SideMenuHeaderView.swift; sourceTree = "<group>"; };
		DC9416152CD9CCD400130DFB /* SideMenuRowView.swift */ = {isa = PBXFileReference; lastKnownFileType = sourcecode.swift; path = SideMenuRowView.swift; sourceTree = "<group>"; };
		DC9416172CD9D4FF00130DFB /* SideMenuOptionModel.swift */ = {isa = PBXFileReference; lastKnownFileType = sourcecode.swift; path = SideMenuOptionModel.swift; sourceTree = "<group>"; };
		DCA8BBE52AF04892004B1D6C /* Phesian.app */ = {isa = PBXFileReference; explicitFileType = wrapper.application; includeInIndex = 0; path = Phesian.app; sourceTree = BUILT_PRODUCTS_DIR; };
		DCA8BBE82AF04892004B1D6C /* TrainingAppApp.swift */ = {isa = PBXFileReference; lastKnownFileType = sourcecode.swift; path = TrainingAppApp.swift; sourceTree = "<group>"; };
		DCA8BBEA2AF04892004B1D6C /* ContentView.swift */ = {isa = PBXFileReference; lastKnownFileType = sourcecode.swift; path = ContentView.swift; sourceTree = "<group>"; };
		DCA8BBEC2AF04893004B1D6C /* Assets.xcassets */ = {isa = PBXFileReference; lastKnownFileType = folder.assetcatalog; path = Assets.xcassets; sourceTree = "<group>"; };
		DCA8BBEF2AF04893004B1D6C /* Preview Assets.xcassets */ = {isa = PBXFileReference; lastKnownFileType = folder.assetcatalog; path = "Preview Assets.xcassets"; sourceTree = "<group>"; };
		DCA8BBFA2AF44EEA004B1D6C /* HomePage.swift */ = {isa = PBXFileReference; lastKnownFileType = sourcecode.swift; name = HomePage.swift; path = TrainingApp/Views/Pages/HomePage.swift; sourceTree = SOURCE_ROOT; };
		DCA8BBFC2AF44F13004B1D6C /* DrillsPage.swift */ = {isa = PBXFileReference; lastKnownFileType = sourcecode.swift; path = DrillsPage.swift; sourceTree = "<group>"; };
		DCA8BC002AF44F39004B1D6C /* MobilityPage.swift */ = {isa = PBXFileReference; lastKnownFileType = sourcecode.swift; path = MobilityPage.swift; sourceTree = "<group>"; };
		DCA8BC0C2B164708004B1D6C /* referee-blowing-whistle-sound-effect.mp3 */ = {isa = PBXFileReference; lastKnownFileType = audio.mp3; path = "referee-blowing-whistle-sound-effect.mp3"; sourceTree = "<group>"; };
		DCBB00012FA46FEF009B6F25 /* SessionRecord.swift */ = {isa = PBXFileReference; lastKnownFileType = sourcecode.swift; path = SessionRecord.swift; sourceTree = "<group>"; };
		DCBB00032FA46FEF009B6F25 /* NumberCallSetupView.swift */ = {isa = PBXFileReference; lastKnownFileType = sourcecode.swift; path = NumberCallSetupView.swift; sourceTree = "<group>"; };
		DCBB00052FA46FEF009B6F25 /* DirectionCallSetupView.swift */ = {isa = PBXFileReference; lastKnownFileType = sourcecode.swift; path = DirectionCallSetupView.swift; sourceTree = "<group>"; };
		DCBB00072FA46FEF009B6F25 /* HistoryPage.swift */ = {isa = PBXFileReference; lastKnownFileType = sourcecode.swift; path = HistoryPage.swift; sourceTree = "<group>"; };
		DCC8EA01304F2EB20036250C /* TrainingApp Watch App.app */ = {isa = PBXFileReference; explicitFileType = wrapper.application; includeInIndex = 0; path = "TrainingApp Watch App.app"; sourceTree = BUILT_PRODUCTS_DIR; };
		DCC8EA06304F2EB20036250C /* TrainingApp Watch App Watch App.app */ = {isa = PBXFileReference; explicitFileType = wrapper.application; includeInIndex = 0; path = "TrainingApp Watch App Watch App.app"; sourceTree = BUILT_PRODUCTS_DIR; };
		DCC8EA15304F2EB30036250C /* TrainingApp Watch App Watch AppTests.xctest */ = {isa = PBXFileReference; explicitFileType = wrapper.cfbundle; includeInIndex = 0; path = "TrainingApp Watch App Watch AppTests.xctest"; sourceTree = BUILT_PRODUCTS_DIR; };
		DCC8EA1F304F2EB30036250C /* TrainingApp Watch App Watch AppUITests.xctest */ = {isa = PBXFileReference; explicitFileType = wrapper.cfbundle; includeInIndex = 0; path = "TrainingApp Watch App Watch AppUITests.xctest"; sourceTree = BUILT_PRODUCTS_DIR; };
		F0AEED445BC2C83FADADA358 /* AdaptiveDifficulty.swift */ = {isa = PBXFileReference; lastKnownFileType = sourcecode.swift; path = AdaptiveDifficulty.swift; sourceTree = "<group>"; };
		284763F212C5DDDE31F3E830 /* DrillResultPayload.swift */ = {isa = PBXFileReference; lastKnownFileType = sourcecode.swift; path = DrillResultPayload.swift; sourceTree = "<group>"; };
		F936DD8189B4B13858C82A78 /* PhoneSessionCoordinator.swift */ = {isa = PBXFileReference; lastKnownFileType = sourcecode.swift; path = PhoneSessionCoordinator.swift; sourceTree = "<group>"; };
/* End PBXFileReference section */

/* Begin PBXFileSystemSynchronizedRootGroup section */
		DCC8EA0A304F2EB20036250C /* TrainingApp Watch App Watch App */ = {isa = PBXFileSystemSynchronizedRootGroup; explicitFileTypes = {}; explicitFolders = (); path = "TrainingApp Watch App Watch App"; sourceTree = "<group>"; };
		DCC8EA18304F2EB30036250C /* TrainingApp Watch App Watch AppTests */ = {isa = PBXFileSystemSynchronizedRootGroup; explicitFileTypes = {}; explicitFolders = (); path = "TrainingApp Watch App Watch AppTests"; sourceTree = "<group>"; };
		DCC8EA22304F2EB30036250C /* TrainingApp Watch App Watch AppUITests */ = {isa = PBXFileSystemSynchronizedRootGroup; explicitFileTypes = {}; explicitFolders = (); path = "TrainingApp Watch App Watch AppUITests"; sourceTree = "<group>"; };
/* End PBXFileSystemSynchronizedRootGroup section */

/* Begin PBXFrameworksBuildPhase section */
		DC1324C52CA19C8E0014185A /* Frameworks */ = {
			isa = PBXFrameworksBuildPhase;
			buildActionMask = 2147483647;
			files = (
			);
			runOnlyForDeploymentPostprocessing = 0;
		};
		DC1324D42CA19C900014185A /* Frameworks */ = {
			isa = PBXFrameworksBuildPhase;
			buildActionMask = 2147483647;
			files = (
			);
			runOnlyForDeploymentPostprocessing = 0;
		};
		DC1324DE2CA19C900014185A /* Frameworks */ = {
			isa = PBXFrameworksBuildPhase;
			buildActionMask = 2147483647;
			files = (
			);
			runOnlyForDeploymentPostprocessing = 0;
		};
		DCA8BBE22AF04892004B1D6C /* Frameworks */ = {
			isa = PBXFrameworksBuildPhase;
			buildActionMask = 2147483647;
			files = (
				DC3F22A52B2E7D5B00BE575B /* FirebaseDatabase in Frameworks */,
				DC3F22B32B2E7D5B00BE575B /* FirebaseFunctionsCombine-Community in Frameworks */,
				DC3F22AB2B2E7D5B00BE575B /* FirebaseFirestore in Frameworks */,
				DC3F22972B2E7D5B00BE575B /* FirebaseAnalyticsSwift in Frameworks */,
				DC3F22932B2E7D5B00BE575B /* FirebaseAnalytics in Frameworks */,
				DC3F22952B2E7D5B00BE575B /* FirebaseAnalyticsOnDeviceConversion in Frameworks */,
				DC3F22BB2B2E7D5B00BE575B /* FirebaseMLModelDownloader in Frameworks */,
				DC3F22AF2B2E7D5B00BE575B /* FirebaseFirestoreSwift in Frameworks */,
				DC3F229B2B2E7D5B00BE575B /* FirebaseAppCheck in Frameworks */,
				DC3F22992B2E7D5B00BE575B /* FirebaseAnalyticsWithoutAdIdSupport in Frameworks */,
				DC3F229F2B2E7D5B00BE575B /* FirebaseAuth in Frameworks */,
				DC3F22A32B2E7D5B00BE575B /* FirebaseCrashlytics in Frameworks */,
				DC3F22C32B2E7D5B00BE575B /* FirebaseRemoteConfigSwift in Frameworks */,
				DC3F22B52B2E7D5B00BE575B /* FirebaseInAppMessaging-Beta in Frameworks */,
				DC3F22A72B2E7D5B00BE575B /* FirebaseDatabaseSwift in Frameworks */,
				DC3F22B12B2E7D5B00BE575B /* FirebaseFunctions in Frameworks */,
				DC3F22C72B2E7D5B00BE575B /* FirebaseStorageCombine-Community in Frameworks */,
				DC3F22C12B2E7D5B00BE575B /* FirebaseRemoteConfig in Frameworks */,
				DC3F229D2B2E7D5B00BE575B /* FirebaseAppDistribution-Beta in Frameworks */,
				DC3F22A12B2E7D5B00BE575B /* FirebaseAuthCombine-Community in Frameworks */,
				DC3F22BF2B2E7D5B00BE575B /* FirebasePerformance in Frameworks */,
				DC3F22B72B2E7D5B00BE575B /* FirebaseInAppMessagingSwift-Beta in Frameworks */,
				DC3F22C52B2E7D5B00BE575B /* FirebaseStorage in Frameworks */,
				DC3F22A92B2E7D5B00BE575B /* FirebaseDynamicLinks in Frameworks */,
				DC3F22AD2B2E7D5B00BE575B /* FirebaseFirestoreCombine-Community in Frameworks */,
				DC3F22BD2B2E7D5B00BE575B /* FirebaseMessaging in Frameworks */,
				DC3F22B92B2E7D5B00BE575B /* FirebaseInstallations in Frameworks */,
			);
			runOnlyForDeploymentPostprocessing = 0;
		};
		DCC8EA03304F2EB20036250C /* Frameworks */ = {
			isa = PBXFrameworksBuildPhase;
			buildActionMask = 2147483647;
			files = (
			);
			runOnlyForDeploymentPostprocessing = 0;
		};
		DCC8EA12304F2EB30036250C /* Frameworks */ = {
			isa = PBXFrameworksBuildPhase;
			buildActionMask = 2147483647;
			files = (
			);
			runOnlyForDeploymentPostprocessing = 0;
		};
		DCC8EA1C304F2EB30036250C /* Frameworks */ = {
			isa = PBXFrameworksBuildPhase;
			buildActionMask = 2147483647;
			files = (
			);
			runOnlyForDeploymentPostprocessing = 0;
		};
/* End PBXFrameworksBuildPhase section */

/* Begin PBXGroup section */
		6469E44D0EF7FC3EEA7FEB50 /* Shared */ = {
			isa = PBXGroup;
			children = (
				C90D0026D2F74D02BA096B54 /* DrillEngine */,
			);
			path = Shared;
			sourceTree = "<group>";
		};
		C90D0026D2F74D02BA096B54 /* DrillEngine */ = {
			isa = PBXGroup;
			children = (
				BADDDFAC5173C17DE632181C /* DrillStimulus.swift */,
				F0AEED445BC2C83FADADA358 /* AdaptiveDifficulty.swift */,
				CE0F39D32B67FE6D97EF61A6 /* ReactionDrillEngine.swift */,
				284763F212C5DDDE31F3E830 /* DrillResultPayload.swift */,
			);
			path = DrillEngine;
			sourceTree = "<group>";
		};
		DC3F22862B2D281B00BE575B /* Components */ = {
			isa = PBXGroup;
			children = (
				DC7D01A62FA47047009B6F25 /* SoundPlayer.swift */,
				F936DD8189B4B13858C82A78 /* PhoneSessionCoordinator.swift */,
				DC3F22DB2B314E0300BE575B /* WorkoutDetailViews */,
				DCA8BC0B2B1646BE004B1D6C /* Sounds */,
				DC3F22E02B315EEF00BE575B /* VideoDetailView.swift */,
			);
			path = Components;
			sourceTree = "<group>";
		};
		DC3F22DB2B314E0300BE575B /* WorkoutDetailViews */ = {
			isa = PBXGroup;
			children = (
				DC72B68E2B1F09EF008C7392 /* Image.swift */,
				DC72B6942B21A99F008C7392 /* DrillWorkouts.swift */,
				DC72B6922B1FFE32008C7392 /* MobWorkouts.swift */,
				C3117F79E7B7C3AAE03D2C18 /* FootworkPattern.swift */,
				AB6E8F72B3FCDC6116C0E5D3 /* FootworkAnimationView.swift */,
				F7FC8A0C3270DE3C1403E591 /* LadderPattern.swift */,
				410D239A0AD31AAE31F40B18 /* LadderAnimationView.swift */,
			);
			path = WorkoutDetailViews;
			sourceTree = "<group>";
		};
		DC7D01A12FA46FEF009B6F25 /* ReactionDrills */ = {
			isa = PBXGroup;
			children = (
				DC7D019D2FA46FEF009B6F25 /* ColorCallSetupView.swift */,
				DC7D019E2FA46FEF009B6F25 /* ReactionDrillActiveView.swift */,
				DC7D019F2FA46FEF009B6F25 /* ReactionDrillModels.swift */,
				DC7D01A02FA46FEF009B6F25 /* ReactionDrillResultsView.swift */,
				DCBB00032FA46FEF009B6F25 /* NumberCallSetupView.swift */,
				DCBB00052FA46FEF009B6F25 /* DirectionCallSetupView.swift */,
			);
			path = ReactionDrills;
			sourceTree = "<group>";
		};
		DC9416102CD9BE4B00130DFB /* SideMenuStuff */ = {
			isa = PBXGroup;
			children = (
				DC9416172CD9D4FF00130DFB /* SideMenuOptionModel.swift */,
				DC9416152CD9CCD400130DFB /* SideMenuRowView.swift */,
				DC9416132CD9C05800130DFB /* SideMenuHeaderView.swift */,
				DC9416112CD9BE5D00130DFB /* SideMenuView.swift */,
			);
			path = SideMenuStuff;
			sourceTree = "<group>";
		};
		DCA8BBDC2AF04892004B1D6C = {
			isa = PBXGroup;
			children = (
				DCA8BBE72AF04892004B1D6C /* TrainingApp */,
				DCC8EA0A304F2EB20036250C /* TrainingApp Watch App Watch App */,
				DCC8EA18304F2EB30036250C /* TrainingApp Watch App Watch AppTests */,
				DCC8EA22304F2EB30036250C /* TrainingApp Watch App Watch AppUITests */,
				DCA8BBE62AF04892004B1D6C /* Products */,
			);
			sourceTree = "<group>";
		};
		DCA8BBE62AF04892004B1D6C /* Products */ = {
			isa = PBXGroup;
			children = (
				DCA8BBE52AF04892004B1D6C /* Phesian.app */,
				DC1324C82CA19C8E0014185A /* Phesian.app */,
				DC1324D72CA19C900014185A /* PhesianTests.xctest */,
				DC1324E12CA19C900014185A /* PhesianUITests.xctest */,
				DCC8EA01304F2EB20036250C /* TrainingApp Watch App.app */,
				DCC8EA06304F2EB20036250C /* TrainingApp Watch App Watch App.app */,
				DCC8EA15304F2EB30036250C /* TrainingApp Watch App Watch AppTests.xctest */,
				DCC8EA1F304F2EB30036250C /* TrainingApp Watch App Watch AppUITests.xctest */,
			);
			name = Products;
			sourceTree = "<group>";
		};
		DCA8BBE72AF04892004B1D6C /* TrainingApp */ = {
			isa = PBXGroup;
			children = (
				DC3F22E62B43633800BE575B /* TrainingApp.entitlements */,
				DCBB00092FA46FEF009B6F25 /* Models */,
				6469E44D0EF7FC3EEA7FEB50 /* Shared */,
				DCA8BBF72AF366DF004B1D6C /* Views */,
				DCA8BBE82AF04892004B1D6C /* TrainingAppApp.swift */,
				DCA8BBEC2AF04893004B1D6C /* Assets.xcassets */,
				DC3F228F2B2E7AF800BE575B /* GoogleService-Info.plist */,
				DCA8BBEE2AF04893004B1D6C /* Preview Content */,
			);
			path = TrainingApp;
			sourceTree = "<group>";
		};
		DCA8BBEE2AF04893004B1D6C /* Preview Content */ = {
			isa = PBXGroup;
			children = (
				DCA8BBEF2AF04893004B1D6C /* Preview Assets.xcassets */,
			);
			path = "Preview Content";
			sourceTree = "<group>";
		};
		DCA8BBF72AF366DF004B1D6C /* Views */ = {
			isa = PBXGroup;
			children = (
				DC7D01A12FA46FEF009B6F25 /* ReactionDrills */,
				DC9416102CD9BE4B00130DFB /* SideMenuStuff */,
				DC3F22862B2D281B00BE575B /* Components */,
				DCA8BC082AF55531004B1D6C /* Pages */,
				DCA8BBEA2AF04892004B1D6C /* ContentView.swift */,
			);
			path = Views;
			sourceTree = "<group>";
		};
		DCA8BC082AF55531004B1D6C /* Pages */ = {
			isa = PBXGroup;
			children = (
				DC1325012CB4C9E40014185A /* FullTimer.swift */,
				DCA8BBFA2AF44EEA004B1D6C /* HomePage.swift */,
				DCA8BBFC2AF44F13004B1D6C /* DrillsPage.swift */,
				DCA8BC002AF44F39004B1D6C /* MobilityPage.swift */,
				DCBB00072FA46FEF009B6F25 /* HistoryPage.swift */,
			);
			path = Pages;
			sourceTree = "<group>";
		};
		DCA8BC0B2B1646BE004B1D6C /* Sounds */ = {
			isa = PBXGroup;
			children = (
				DCA8BC0C2B164708004B1D6C /* referee-blowing-whistle-sound-effect.mp3 */,
			);
			path = Sounds;
			sourceTree = "<group>";
		};
		DCBB00092FA46FEF009B6F25 /* Models */ = {
			isa = PBXGroup;
			children = (
				DCBB00012FA46FEF009B6F25 /* SessionRecord.swift */,
			);
			path = Models;
			sourceTree = "<group>";
		};
/* End PBXGroup section */

/* Begin PBXNativeTarget section */
		DC1324C72CA19C8E0014185A /* Phesian */ = {
			isa = PBXNativeTarget;
			buildConfigurationList = DC1324EF2CA19C900014185A /* Build configuration list for PBXNativeTarget "Phesian" */;
			buildPhases = (
				DC1324C42CA19C8E0014185A /* Sources */,
				DC1324C52CA19C8E0014185A /* Frameworks */,
				DC1324C62CA19C8E0014185A /* Resources */,
			);
			buildRules = (
			);
			dependencies = (
			);
			name = Phesian;
			packageProductDependencies = (
			);
			productName = Phesian;
			productReference = DC1324C82CA19C8E0014185A /* Phesian.app */;
			productType = "com.apple.product-type.application";
		};
		DC1324D62CA19C900014185A /* PhesianTests */ = {
			isa = PBXNativeTarget;
			buildConfigurationList = DC1324F02CA19C900014185A /* Build configuration list for PBXNativeTarget "PhesianTests" */;
			buildPhases = (
				DC1324D32CA19C900014185A /* Sources */,
				DC1324D42CA19C900014185A /* Frameworks */,
				DC1324D52CA19C900014185A /* Resources */,
			);
			buildRules = (
			);
			dependencies = (
				DC1324D92CA19C900014185A /* PBXTargetDependency */,
			);
			name = PhesianTests;
			packageProductDependencies = (
			);
			productName = PhesianTests;
			productReference = DC1324D72CA19C900014185A /* PhesianTests.xctest */;
			productType = "com.apple.product-type.bundle.unit-test";
		};
		DC1324E02CA19C900014185A /* PhesianUITests */ = {
			isa = PBXNativeTarget;
			buildConfigurationList = DC1324F12CA19C900014185A /* Build configuration list for PBXNativeTarget "PhesianUITests" */;
			buildPhases = (
				DC1324DD2CA19C900014185A /* Sources */,
				DC1324DE2CA19C900014185A /* Frameworks */,
				DC1324DF2CA19C900014185A /* Resources */,
			);
			buildRules = (
			);
			dependencies = (
				DC1324E32CA19C900014185A /* PBXTargetDependency */,
			);
			name = PhesianUITests;
			packageProductDependencies = (
			);
			productName = PhesianUITests;
			productReference = DC1324E12CA19C900014185A /* PhesianUITests.xctest */;
			productType = "com.apple.product-type.bundle.ui-testing";
		};
		DCA8BBE42AF04892004B1D6C /* TrainingApp */ = {
			isa = PBXNativeTarget;
			buildConfigurationList = DCA8BBF32AF04893004B1D6C /* Build configuration list for PBXNativeTarget "TrainingApp" */;
			buildPhases = (
				DCA8BBE12AF04892004B1D6C /* Sources */,
				DCA8BBE22AF04892004B1D6C /* Frameworks */,
				DCA8BBE32AF04892004B1D6C /* Resources */,
				DCBB00AA2FA46FEF009B6F25 /* Fix Bundle Identifiers */,
			);
			buildRules = (
			);
			dependencies = (
			);
			name = TrainingApp;
			packageProductDependencies = (
				DC3F22922B2E7D5B00BE575B /* FirebaseAnalytics */,
				DC3F22942B2E7D5B00BE575B /* FirebaseAnalyticsOnDeviceConversion */,
				DC3F22962B2E7D5B00BE575B /* FirebaseAnalyticsSwift */,
				DC3F22982B2E7D5B00BE575B /* FirebaseAnalyticsWithoutAdIdSupport */,
				DC3F229A2B2E7D5B00BE575B /* FirebaseAppCheck */,
				DC3F229C2B2E7D5B00BE575B /* FirebaseAppDistribution-Beta */,
				DC3F229E2B2E7D5B00BE575B /* FirebaseAuth */,
				DC3F22A02B2E7D5B00BE575B /* FirebaseAuthCombine-Community */,
				DC3F22A22B2E7D5B00BE575B /* FirebaseCrashlytics */,
				DC3F22A42B2E7D5B00BE575B /* FirebaseDatabase */,
				DC3F22A62B2E7D5B00BE575B /* FirebaseDatabaseSwift */,
				DC3F22A82B2E7D5B00BE575B /* FirebaseDynamicLinks */,
				DC3F22AA2B2E7D5B00BE575B /* FirebaseFirestore */,
				DC3F22AC2B2E7D5B00BE575B /* FirebaseFirestoreCombine-Community */,
				DC3F22AE2B2E7D5B00BE575B /* FirebaseFirestoreSwift */,
				DC3F22B02B2E7D5B00BE575B /* FirebaseFunctions */,
				DC3F22B22B2E7D5B00BE575B /* FirebaseFunctionsCombine-Community */,
				DC3F22B42B2E7D5B00BE575B /* FirebaseInAppMessaging-Beta */,
				DC3F22B62B2E7D5B00BE575B /* FirebaseInAppMessagingSwift-Beta */,
				DC3F22B82B2E7D5B00BE575B /* FirebaseInstallations */,
				DC3F22BA2B2E7D5B00BE575B /* FirebaseMLModelDownloader */,
				DC3F22BC2B2E7D5B00BE575B /* FirebaseMessaging */,
				DC3F22BE2B2E7D5B00BE575B /* FirebasePerformance */,
				DC3F22C02B2E7D5B00BE575B /* FirebaseRemoteConfig */,
				DC3F22C22B2E7D5B00BE575B /* FirebaseRemoteConfigSwift */,
				DC3F22C42B2E7D5B00BE575B /* FirebaseStorage */,
				DC3F22C62B2E7D5B00BE575B /* FirebaseStorageCombine-Community */,
			);
			productName = TrainingApp;
			productReference = DCA8BBE52AF04892004B1D6C /* Phesian.app */;
			productType = "com.apple.product-type.application";
		};
		DCC8EA00304F2EB20036250C /* TrainingApp Watch App */ = {
			isa = PBXNativeTarget;
			buildConfigurationList = DCC8EA31304F2EB30036250C /* Build configuration list for PBXNativeTarget "TrainingApp Watch App" */;
			buildPhases = (
				DCC8E9FF304F2EB20036250C /* Resources */,
				DCC8EA29304F2EB30036250C /* Embed Watch Content */,
			);
			buildRules = (
			);
			dependencies = (
				DCC8EA09304F2EB20036250C /* PBXTargetDependency */,
			);
			name = "TrainingApp Watch App";
			packageProductDependencies = (
			);
			productName = "TrainingApp Watch App";
			productReference = DCC8EA01304F2EB20036250C /* TrainingApp Watch App.app */;
			productType = "com.apple.product-type.application.watchapp2-container";
		};
		DCC8EA05304F2EB20036250C /* TrainingApp Watch App Watch App */ = {
			isa = PBXNativeTarget;
			buildConfigurationList = DCC8EA30304F2EB30036250C /* Build configuration list for PBXNativeTarget "TrainingApp Watch App Watch App" */;
			buildPhases = (
				DCC8EA02304F2EB20036250C /* Sources */,
				DCC8EA03304F2EB20036250C /* Frameworks */,
				DCC8EA04304F2EB20036250C /* Resources */,
			);
			buildRules = (
			);
			dependencies = (
			);
			fileSystemSynchronizedGroups = (
				DCC8EA0A304F2EB20036250C /* TrainingApp Watch App Watch App */,
			);
			name = "TrainingApp Watch App Watch App";
			packageProductDependencies = (
			);
			productName = "TrainingApp Watch App Watch App";
			productReference = DCC8EA06304F2EB20036250C /* TrainingApp Watch App Watch App.app */;
			productType = "com.apple.product-type.application";
		};
		DCC8EA14304F2EB30036250C /* TrainingApp Watch App Watch AppTests */ = {
			isa = PBXNativeTarget;
			buildConfigurationList = DCC8EA32304F2EB30036250C /* Build configuration list for PBXNativeTarget "TrainingApp Watch App Watch AppTests" */;
			buildPhases = (
				DCC8EA11304F2EB30036250C /* Sources */,
				DCC8EA12304F2EB30036250C /* Frameworks */,
				DCC8EA13304F2EB30036250C /* Resources */,
			);
			buildRules = (
			);
			dependencies = (
				DCC8EA17304F2EB30036250C /* PBXTargetDependency */,
			);
			fileSystemSynchronizedGroups = (
				DCC8EA18304F2EB30036250C /* TrainingApp Watch App Watch AppTests */,
			);
			name = "TrainingApp Watch App Watch AppTests";
			packageProductDependencies = (
			);
			productName = "TrainingApp Watch App Watch AppTests";
			productReference = DCC8EA15304F2EB30036250C /* TrainingApp Watch App Watch AppTests.xctest */;
			productType = "com.apple.product-type.bundle.unit-test";
		};
		DCC8EA1E304F2EB30036250C /* TrainingApp Watch App Watch AppUITests */ = {
			isa = PBXNativeTarget;
			buildConfigurationList = DCC8EA33304F2EB30036250C /* Build configuration list for PBXNativeTarget "TrainingApp Watch App Watch AppUITests" */;
			buildPhases = (
				DCC8EA1B304F2EB30036250C /* Sources */,
				DCC8EA1C304F2EB30036250C /* Frameworks */,
				DCC8EA1D304F2EB30036250C /* Resources */,
			);
			buildRules = (
			);
			dependencies = (
				DCC8EA21304F2EB30036250C /* PBXTargetDependency */,
			);
			fileSystemSynchronizedGroups = (
				DCC8EA22304F2EB30036250C /* TrainingApp Watch App Watch AppUITests */,
			);
			name = "TrainingApp Watch App Watch AppUITests";
			packageProductDependencies = (
			);
			productName = "TrainingApp Watch App Watch AppUITests";
			productReference = DCC8EA1F304F2EB30036250C /* TrainingApp Watch App Watch AppUITests.xctest */;
			productType = "com.apple.product-type.bundle.ui-testing";
		};
/* End PBXNativeTarget section */

/* Begin PBXProject section */
		DCA8BBDD2AF04892004B1D6C /* Project object */ = {
			isa = PBXProject;
			attributes = {
				BuildIndependentTargetsInParallel = 1;
				LastSwiftUpdateCheck = 2660;
				LastUpgradeCheck = 1500;
				TargetAttributes = {
					DC1324C72CA19C8E0014185A = {
						CreatedOnToolsVersion = 16.0;
					};
					DC1324D62CA19C900014185A = {
						CreatedOnToolsVersion = 16.0;
						TestTargetID = DC1324C72CA19C8E0014185A;
					};
					DC1324E02CA19C900014185A = {
						CreatedOnToolsVersion = 16.0;
						TestTargetID = DC1324C72CA19C8E0014185A;
					};
					DCA8BBE42AF04892004B1D6C = {
						CreatedOnToolsVersion = 15.0.1;
					};
					DCC8EA00304F2EB20036250C = {
						CreatedOnToolsVersion = 26.6;
					};
					DCC8EA05304F2EB20036250C = {
						CreatedOnToolsVersion = 26.6;
					};
					DCC8EA14304F2EB30036250C = {
						CreatedOnToolsVersion = 26.6;
						TestTargetID = DCC8EA05304F2EB20036250C;
					};
					DCC8EA1E304F2EB30036250C = {
						CreatedOnToolsVersion = 26.6;
						TestTargetID = DCC8EA05304F2EB20036250C;
					};
				};
			};
			buildConfigurationList = DCA8BBE02AF04892004B1D6C /* Build configuration list for PBXProject "TrainingApp" */;
			compatibilityVersion = "Xcode 14.0";
			developmentRegion = en;
			hasScannedForEncodings = 0;
			knownRegions = (
				en,
				Base,
			);
			mainGroup = DCA8BBDC2AF04892004B1D6C;
			packageReferences = (
				DC3F22912B2E7D5B00BE575B /* XCRemoteSwiftPackageReference "firebase-ios-sdk" */,
			);
			productRefGroup = DCA8BBE62AF04892004B1D6C /* Products */;
			projectDirPath = "";
			projectRoot = "";
			targets = (
				DCA8BBE42AF04892004B1D6C /* TrainingApp */,
				DC1324C72CA19C8E0014185A /* Phesian */,
				DC1324D62CA19C900014185A /* PhesianTests */,
				DC1324E02CA19C900014185A /* PhesianUITests */,
				DCC8EA00304F2EB20036250C /* TrainingApp Watch App */,
				DCC8EA05304F2EB20036250C /* TrainingApp Watch App Watch App */,
				DCC8EA14304F2EB30036250C /* TrainingApp Watch App Watch AppTests */,
				DCC8EA1E304F2EB30036250C /* TrainingApp Watch App Watch AppUITests */,
			);
		};
/* End PBXProject section */

/* Begin PBXResourcesBuildPhase section */
		DC1324C62CA19C8E0014185A /* Resources */ = {
			isa = PBXResourcesBuildPhase;
			buildActionMask = 2147483647;
			files = (
			);
			runOnlyForDeploymentPostprocessing = 0;
		};
		DC1324D52CA19C900014185A /* Resources */ = {
			isa = PBXResourcesBuildPhase;
			buildActionMask = 2147483647;
			files = (
			);
			runOnlyForDeploymentPostprocessing = 0;
		};
		DC1324DF2CA19C900014185A /* Resources */ = {
			isa = PBXResourcesBuildPhase;
			buildActionMask = 2147483647;
			files = (
			);
			runOnlyForDeploymentPostprocessing = 0;
		};
		DCA8BBE32AF04892004B1D6C /* Resources */ = {
			isa = PBXResourcesBuildPhase;
			buildActionMask = 2147483647;
			files = (
				DCA8BBF02AF04893004B1D6C /* Preview Assets.xcassets in Resources */,
				DC3F22902B2E7AF800BE575B /* GoogleService-Info.plist in Resources */,
				DCA8BC0D2B164708004B1D6C /* referee-blowing-whistle-sound-effect.mp3 in Resources */,
				DCA8BBED2AF04893004B1D6C /* Assets.xcassets in Resources */,
			);
			runOnlyForDeploymentPostprocessing = 0;
		};
		DCC8E9FF304F2EB20036250C /* Resources */ = {
			isa = PBXResourcesBuildPhase;
			buildActionMask = 2147483647;
			files = (
			);
			runOnlyForDeploymentPostprocessing = 0;
		};
		DCC8EA04304F2EB20036250C /* Resources */ = {
			isa = PBXResourcesBuildPhase;
			buildActionMask = 2147483647;
			files = (
			);
			runOnlyForDeploymentPostprocessing = 0;
		};
		DCC8EA13304F2EB30036250C /* Resources */ = {
			isa = PBXResourcesBuildPhase;
			buildActionMask = 2147483647;
			files = (
			);
			runOnlyForDeploymentPostprocessing = 0;
		};
		DCC8EA1D304F2EB30036250C /* Resources */ = {
			isa = PBXResourcesBuildPhase;
			buildActionMask = 2147483647;
			files = (
			);
			runOnlyForDeploymentPostprocessing = 0;
		};
/* End PBXResourcesBuildPhase section */

/* Begin PBXShellScriptBuildPhase section */
		DCBB00AA2FA46FEF009B6F25 /* Fix Bundle Identifiers */ = {
			isa = PBXShellScriptBuildPhase;
			buildActionMask = 2147483647;
			files = (
			);
			inputFileListPaths = (
			);
			inputPaths = (
			);
			name = "Fix Bundle Identifiers";
			outputFileListPaths = (
			);
			outputPaths = (
			);
			runOnlyForDeploymentPostprocessing = 0;
			shellPath = /bin/sh;
			shellScript = "find \"${BUILT_PRODUCTS_DIR}/${FRAMEWORKS_FOLDER_PATH}\" -name \"*.framework\" | while read framework; do\n  PLIST=\"$framework/Info.plist\"\n  if [ -f \"$PLIST\" ]; then\n    ID=$(defaults read \"$PLIST\" CFBundleIdentifier 2>/dev/null)\n    FIXED=$(echo \"$ID\" | sed \"s/[^a-zA-Z0-9.-]/-/g\")\n    if [ \"$ID\" != \"$FIXED\" ]; then\n      defaults write \"$PLIST\" CFBundleIdentifier \"$FIXED\"\n    fi\n  fi\ndone\n";
		};
/* End PBXShellScriptBuildPhase section */

/* Begin PBXSourcesBuildPhase section */
		DC1324C42CA19C8E0014185A /* Sources */ = {
			isa = PBXSourcesBuildPhase;
			buildActionMask = 2147483647;
			files = (
			);
			runOnlyForDeploymentPostprocessing = 0;
		};
		DC1324D32CA19C900014185A /* Sources */ = {
			isa = PBXSourcesBuildPhase;
			buildActionMask = 2147483647;
			files = (
			);
			runOnlyForDeploymentPostprocessing = 0;
		};
		DC1324DD2CA19C900014185A /* Sources */ = {
			isa = PBXSourcesBuildPhase;
			buildActionMask = 2147483647;
			files = (
			);
			runOnlyForDeploymentPostprocessing = 0;
		};
		DCA8BBE12AF04892004B1D6C /* Sources */ = {
			isa = PBXSourcesBuildPhase;
			buildActionMask = 2147483647;
			files = (
				DCA8BBEB2AF04892004B1D6C /* ContentView.swift in Sources */,
				DCA8BBFD2AF44F13004B1D6C /* DrillsPage.swift in Sources */,
				DC9416162CD9CCDC00130DFB /* SideMenuRowView.swift in Sources */,
				DCA8BBE92AF04892004B1D6C /* TrainingAppApp.swift in Sources */,
				DC9416182CD9D50500130DFB /* SideMenuOptionModel.swift in Sources */,
				DC72B6952B21A99F008C7392 /* DrillWorkouts.swift in Sources */,
				F2C97649A4A505A130E98EAA /* FootworkPattern.swift in Sources */,
				739508D4B1FFF80B8A493703 /* FootworkAnimationView.swift in Sources */,
				CFF8CEECAE10AFC465C90B49 /* LadderPattern.swift in Sources */,
				913A87BFC43AC3C741BA0132 /* LadderAnimationView.swift in Sources */,
				DC72B68F2B1F09EF008C7392 /* Image.swift in Sources */,
				DC7D01A72FA47047009B6F25 /* SoundPlayer.swift in Sources */,
				DC9416142CD9C06200130DFB /* SideMenuHeaderView.swift in Sources */,
				DC9416122CD9BE6F00130DFB /* SideMenuView.swift in Sources */,
				DC7D01A22FA46FEF009B6F25 /* ColorCallSetupView.swift in Sources */,
				DC7D01A32FA46FEF009B6F25 /* ReactionDrillActiveView.swift in Sources */,
				DC7D01A42FA46FEF009B6F25 /* ReactionDrillModels.swift in Sources */,
				DC7D01A52FA46FEF009B6F25 /* ReactionDrillResultsView.swift in Sources */,
				DC72B6932B1FFE32008C7392 /* MobWorkouts.swift in Sources */,
				DCA8BC012AF44F39004B1D6C /* MobilityPage.swift in Sources */,
				DC3F22E12B315EEF00BE575B /* VideoDetailView.swift in Sources */,
				DCA8BBFB2AF44EEA004B1D6C /* HomePage.swift in Sources */,
				DC1325022CB4C9F20014185A /* FullTimer.swift in Sources */,
				DCBB00022FA46FEF009B6F25 /* SessionRecord.swift in Sources */,
				DCBB00042FA46FEF009B6F25 /* NumberCallSetupView.swift in Sources */,
				DCBB00062FA46FEF009B6F25 /* DirectionCallSetupView.swift in Sources */,
				DCBB00082FA46FEF009B6F25 /* HistoryPage.swift in Sources */,
				14BE50F8F291D4ADC66350BB /* DrillStimulus.swift in Sources */,
				72A3CB054AD3EA553C5A2737 /* AdaptiveDifficulty.swift in Sources */,
				B275E1B106C7B1E950DCB6BD /* ReactionDrillEngine.swift in Sources */,
				6B6EB5656E176334964FC01E /* DrillResultPayload.swift in Sources */,
				44F26CB17DCAA00398803799 /* PhoneSessionCoordinator.swift in Sources */,
			);
			runOnlyForDeploymentPostprocessing = 0;
		};
		DCC8EA02304F2EB20036250C /* Sources */ = {
			isa = PBXSourcesBuildPhase;
			buildActionMask = 2147483647;
			files = (
				A4B21C51228B910150ACD913 /* ReactionDrillModels.swift in Sources */,
				189A9770EE0B2C8070453624 /* DrillStimulus.swift in Sources */,
				83E3A6F599E451F3E82906E7 /* AdaptiveDifficulty.swift in Sources */,
				BD764D47E6A0BFA6916DB840 /* ReactionDrillEngine.swift in Sources */,
				D81214C00E6637962DEF5AE5 /* DrillResultPayload.swift in Sources */,
			);
			runOnlyForDeploymentPostprocessing = 0;
		};
		DCC8EA11304F2EB30036250C /* Sources */ = {
			isa = PBXSourcesBuildPhase;
			buildActionMask = 2147483647;
			files = (
			);
			runOnlyForDeploymentPostprocessing = 0;
		};
		DCC8EA1B304F2EB30036250C /* Sources */ = {
			isa = PBXSourcesBuildPhase;
			buildActionMask = 2147483647;
			files = (
			);
			runOnlyForDeploymentPostprocessing = 0;
		};
/* End PBXSourcesBuildPhase section */

/* Begin PBXTargetDependency section */
		DC1324D92CA19C900014185A /* PBXTargetDependency */ = {
			isa = PBXTargetDependency;
			target = DC1324C72CA19C8E0014185A /* Phesian */;
			targetProxy = DC1324D82CA19C900014185A /* PBXContainerItemProxy */;
		};
		DC1324E32CA19C900014185A /* PBXTargetDependency */ = {
			isa = PBXTargetDependency;
			target = DC1324C72CA19C8E0014185A /* Phesian */;
			targetProxy = DC1324E22CA19C900014185A /* PBXContainerItemProxy */;
		};
		DCC8EA09304F2EB20036250C /* PBXTargetDependency */ = {
			isa = PBXTargetDependency;
			target = DCC8EA05304F2EB20036250C /* TrainingApp Watch App Watch App */;
			targetProxy = DCC8EA08304F2EB20036250C /* PBXContainerItemProxy */;
		};
		DCC8EA17304F2EB30036250C /* PBXTargetDependency */ = {
			isa = PBXTargetDependency;
			target = DCC8EA05304F2EB20036250C /* TrainingApp Watch App Watch App */;
			targetProxy = DCC8EA16304F2EB30036250C /* PBXContainerItemProxy */;
		};
		DCC8EA21304F2EB30036250C /* PBXTargetDependency */ = {
			isa = PBXTargetDependency;
			target = DCC8EA05304F2EB20036250C /* TrainingApp Watch App Watch App */;
			targetProxy = DCC8EA20304F2EB30036250C /* PBXContainerItemProxy */;
		};
/* End PBXTargetDependency section */

/* Begin XCBuildConfiguration section */
		DC1324E92CA19C900014185A /* Debug */ = {
			isa = XCBuildConfiguration;
			buildSettings = {
				ASSETCATALOG_COMPILER_APPICON_NAME = AppIcon;
				ASSETCATALOG_COMPILER_GLOBAL_ACCENT_COLOR_NAME = AccentColor;
				CODE_SIGN_STYLE = Automatic;
				CURRENT_PROJECT_VERSION = 1;
				DEVELOPMENT_ASSET_PATHS = "\"Phesian/Preview Content\"";
				ENABLE_PREVIEWS = YES;
				GENERATE_INFOPLIST_FILE = YES;
				INFOPLIST_KEY_UIApplicationSceneManifest_Generation = YES;
				INFOPLIST_KEY_UIApplicationSupportsIndirectInputEvents = YES;
				INFOPLIST_KEY_UILaunchScreen_Generation = YES;
				INFOPLIST_KEY_UISupportedInterfaceOrientations_iPad = "UIInterfaceOrientationPortrait UIInterfaceOrientationPortraitUpsideDown UIInterfaceOrientationLandscapeLeft UIInterfaceOrientationLandscapeRight";
				INFOPLIST_KEY_UISupportedInterfaceOrientations_iPhone = "UIInterfaceOrientationPortrait UIInterfaceOrientationLandscapeLeft UIInterfaceOrientationLandscapeRight";
				IPHONEOS_DEPLOYMENT_TARGET = 18.0;
				LD_RUNPATH_SEARCH_PATHS = (
					"$(inherited)",
					"@executable_path/Frameworks",
				);
				MARKETING_VERSION = 1.0;
				PRODUCT_BUNDLE_IDENTIFIER = com.arlensapp.Phesian;
				PRODUCT_NAME = "$(TARGET_NAME)";
				SWIFT_EMIT_LOC_STRINGS = YES;
				SWIFT_VERSION = 5.0;
				TARGETED_DEVICE_FAMILY = "1,2";
			};
			name = Debug;
		};
		DC1324EA2CA19C900014185A /* Release */ = {
			isa = XCBuildConfiguration;
			buildSettings = {
				ASSETCATALOG_COMPILER_APPICON_NAME = AppIcon;
				ASSETCATALOG_COMPILER_GLOBAL_ACCENT_COLOR_NAME = AccentColor;
				CODE_SIGN_STYLE = Automatic;
				CURRENT_PROJECT_VERSION = 1;
				DEVELOPMENT_ASSET_PATHS = "\"Phesian/Preview Content\"";
				ENABLE_PREVIEWS = YES;
				GENERATE_INFOPLIST_FILE = YES;
				INFOPLIST_KEY_UIApplicationSceneManifest_Generation = YES;
				INFOPLIST_KEY_UIApplicationSupportsIndirectInputEvents = YES;
				INFOPLIST_KEY_UILaunchScreen_Generation = YES;
				INFOPLIST_KEY_UISupportedInterfaceOrientations_iPad = "UIInterfaceOrientationPortrait UIInterfaceOrientationPortraitUpsideDown UIInterfaceOrientationLandscapeLeft UIInterfaceOrientationLandscapeRight";
				INFOPLIST_KEY_UISupportedInterfaceOrientations_iPhone = "UIInterfaceOrientationPortrait UIInterfaceOrientationLandscapeLeft UIInterfaceOrientationLandscapeRight";
				IPHONEOS_DEPLOYMENT_TARGET = 18.0;
				LD_RUNPATH_SEARCH_PATHS = (
					"$(inherited)",
					"@executable_path/Frameworks",
				);
				MARKETING_VERSION = 1.0;
				PRODUCT_BUNDLE_IDENTIFIER = com.arlensapp.Phesian;
				PRODUCT_NAME = "$(TARGET_NAME)";
				SWIFT_EMIT_LOC_STRINGS = YES;
				SWIFT_VERSION = 5.0;
				TARGETED_DEVICE_FAMILY = "1,2";
			};
			name = Release;
		};
		DC1324EB2CA19C900014185A /* Debug */ = {
			isa = XCBuildConfiguration;
			buildSettings = {
				BUNDLE_LOADER = "$(TEST_HOST)";
				CODE_SIGN_STYLE = Automatic;
				CURRENT_PROJECT_VERSION = 1;
				GENERATE_INFOPLIST_FILE = YES;
				IPHONEOS_DEPLOYMENT_TARGET = 18.0;
				MARKETING_VERSION = 1.0;
				PRODUCT_BUNDLE_IDENTIFIER = com.arlensapp.PhesianTests;
				PRODUCT_NAME = "$(TARGET_NAME)";
				SWIFT_EMIT_LOC_STRINGS = NO;
				SWIFT_VERSION = 5.0;
				TARGETED_DEVICE_FAMILY = "1,2";
				TEST_HOST = "$(BUILT_PRODUCTS_DIR)/Phesian.app/$(BUNDLE_EXECUTABLE_FOLDER_PATH)/Phesian";
			};
			name = Debug;
		};
		DC1324EC2CA19C900014185A /* Release */ = {
			isa = XCBuildConfiguration;
			buildSettings = {
				BUNDLE_LOADER = "$(TEST_HOST)";
				CODE_SIGN_STYLE = Automatic;
				CURRENT_PROJECT_VERSION = 1;
				GENERATE_INFOPLIST_FILE = YES;
				IPHONEOS_DEPLOYMENT_TARGET = 18.0;
				MARKETING_VERSION = 1.0;
				PRODUCT_BUNDLE_IDENTIFIER = com.arlensapp.PhesianTests;
				PRODUCT_NAME = "$(TARGET_NAME)";
				SWIFT_EMIT_LOC_STRINGS = NO;
				SWIFT_VERSION = 5.0;
				TARGETED_DEVICE_FAMILY = "1,2";
				TEST_HOST = "$(BUILT_PRODUCTS_DIR)/Phesian.app/$(BUNDLE_EXECUTABLE_FOLDER_PATH)/Phesian";
			};
			name = Release;
		};
		DC1324ED2CA19C900014185A /* Debug */ = {
			isa = XCBuildConfiguration;
			buildSettings = {
				CODE_SIGN_STYLE = Automatic;
				CURRENT_PROJECT_VERSION = 1;
				GENERATE_INFOPLIST_FILE = YES;
				IPHONEOS_DEPLOYMENT_TARGET = 18.0;
				MARKETING_VERSION = 1.0;
				PRODUCT_BUNDLE_IDENTIFIER = com.arlensapp.PhesianUITests;
				PRODUCT_NAME = "$(TARGET_NAME)";
				SWIFT_EMIT_LOC_STRINGS = NO;
				SWIFT_VERSION = 5.0;
				TARGETED_DEVICE_FAMILY = "1,2";
				TEST_TARGET_NAME = Phesian;
			};
			name = Debug;
		};
		DC1324EE2CA19C900014185A /* Release */ = {
			isa = XCBuildConfiguration;
			buildSettings = {
				CODE_SIGN_STYLE = Automatic;
				CURRENT_PROJECT_VERSION = 1;
				GENERATE_INFOPLIST_FILE = YES;
				IPHONEOS_DEPLOYMENT_TARGET = 18.0;
				MARKETING_VERSION = 1.0;
				PRODUCT_BUNDLE_IDENTIFIER = com.arlensapp.PhesianUITests;
				PRODUCT_NAME = "$(TARGET_NAME)";
				SWIFT_EMIT_LOC_STRINGS = NO;
				SWIFT_VERSION = 5.0;
				TARGETED_DEVICE_FAMILY = "1,2";
				TEST_TARGET_NAME = Phesian;
			};
			name = Release;
		};
		DCA8BBF12AF04893004B1D6C /* Debug */ = {
			isa = XCBuildConfiguration;
			buildSettings = {
				ALWAYS_SEARCH_USER_PATHS = NO;
				ASSETCATALOG_COMPILER_GENERATE_SWIFT_ASSET_SYMBOL_EXTENSIONS = YES;
				CLANG_ANALYZER_NONNULL = YES;
				CLANG_ANALYZER_NUMBER_OBJECT_CONVERSION = YES_AGGRESSIVE;
				CLANG_CXX_LANGUAGE_STANDARD = "gnu++20";
				CLANG_ENABLE_MODULES = YES;
				CLANG_ENABLE_OBJC_ARC = YES;
				CLANG_ENABLE_OBJC_WEAK = YES;
				CLANG_WARN_BLOCK_CAPTURE_AUTORELEASING = YES;
				CLANG_WARN_BOOL_CONVERSION = YES;
				CLANG_WARN_COMMA = YES;
				CLANG_WARN_CONSTANT_CONVERSION = YES;
				CLANG_WARN_DEPRECATED_OBJC_IMPLEMENTATIONS = YES;
				CLANG_WARN_DIRECT_OBJC_ISA_USAGE = YES_ERROR;
				CLANG_WARN_DOCUMENTATION_COMMENTS = YES;
				CLANG_WARN_EMPTY_BODY = YES;
				CLANG_WARN_ENUM_CONVERSION = YES;
				CLANG_WARN_INFINITE_RECURSION = YES;
				CLANG_WARN_INT_CONVERSION = YES;
				CLANG_WARN_NON_LITERAL_NULL_CONVERSION = YES;
				CLANG_WARN_OBJC_IMPLICIT_RETAIN_SELF = YES;
				CLANG_WARN_OBJC_LITERAL_CONVERSION = YES;
				CLANG_WARN_OBJC_ROOT_CLASS = YES_ERROR;
				CLANG_WARN_QUOTED_INCLUDE_IN_FRAMEWORK_HEADER = YES;
				CLANG_WARN_RANGE_LOOP_ANALYSIS = YES;
				CLANG_WARN_STRICT_PROTOTYPES = YES;
				CLANG_WARN_SUSPICIOUS_MOVE = YES;
				CLANG_WARN_UNGUARDED_AVAILABILITY = YES_AGGRESSIVE;
				CLANG_WARN_UNREACHABLE_CODE = YES;
				CLANG_WARN__DUPLICATE_METHOD_MATCH = YES;
				COPY_PHASE_STRIP = NO;
				DEBUG_INFORMATION_FORMAT = dwarf;
				ENABLE_STRICT_OBJC_MSGSEND = YES;
				ENABLE_TESTABILITY = YES;
				ENABLE_USER_SCRIPT_SANDBOXING = YES;
				GCC_C_LANGUAGE_STANDARD = gnu17;
				GCC_DYNAMIC_NO_PIC = NO;
				GCC_NO_COMMON_BLOCKS = YES;
				GCC_OPTIMIZATION_LEVEL = 0;
				GCC_PREPROCESSOR_DEFINITIONS = (
					"DEBUG=1",
					"$(inherited)",
				);
				GCC_WARN_64_TO_32_BIT_CONVERSION = YES;
				GCC_WARN_ABOUT_RETURN_TYPE = YES_ERROR;
				GCC_WARN_UNDECLARED_SELECTOR = YES;
				GCC_WARN_UNINITIALIZED_AUTOS = YES_AGGRESSIVE;
				GCC_WARN_UNUSED_FUNCTION = YES;
				GCC_WARN_UNUSED_VARIABLE = YES;
				IPHONEOS_DEPLOYMENT_TARGET = 17.0;
				LOCALIZATION_PREFERS_STRING_CATALOGS = YES;
				MTL_ENABLE_DEBUG_INFO = INCLUDE_SOURCE;
				MTL_FAST_MATH = YES;
				ONLY_ACTIVE_ARCH = YES;
				SDKROOT = iphoneos;
				SWIFT_ACTIVE_COMPILATION_CONDITIONS = "DEBUG $(inherited)";
				SWIFT_OPTIMIZATION_LEVEL = "-Onone";
			};
			name = Debug;
		};
		DCA8BBF22AF04893004B1D6C /* Release */ = {
			isa = XCBuildConfiguration;
			buildSettings = {
				ALWAYS_SEARCH_USER_PATHS = NO;
				ASSETCATALOG_COMPILER_GENERATE_SWIFT_ASSET_SYMBOL_EXTENSIONS = YES;
				CLANG_ANALYZER_NONNULL = YES;
				CLANG_ANALYZER_NUMBER_OBJECT_CONVERSION = YES_AGGRESSIVE;
				CLANG_CXX_LANGUAGE_STANDARD = "gnu++20";
				CLANG_ENABLE_MODULES = YES;
				CLANG_ENABLE_OBJC_ARC = YES;
				CLANG_ENABLE_OBJC_WEAK = YES;
				CLANG_WARN_BLOCK_CAPTURE_AUTORELEASING = YES;
				CLANG_WARN_BOOL_CONVERSION = YES;
				CLANG_WARN_COMMA = YES;
				CLANG_WARN_CONSTANT_CONVERSION = YES;
				CLANG_WARN_DEPRECATED_OBJC_IMPLEMENTATIONS = YES;
				CLANG_WARN_DIRECT_OBJC_ISA_USAGE = YES_ERROR;
				CLANG_WARN_DOCUMENTATION_COMMENTS = YES;
				CLANG_WARN_EMPTY_BODY = YES;
				CLANG_WARN_ENUM_CONVERSION = YES;
				CLANG_WARN_INFINITE_RECURSION = YES;
				CLANG_WARN_INT_CONVERSION = YES;
				CLANG_WARN_NON_LITERAL_NULL_CONVERSION = YES;
				CLANG_WARN_OBJC_IMPLICIT_RETAIN_SELF = YES;
				CLANG_WARN_OBJC_LITERAL_CONVERSION = YES;
				CLANG_WARN_OBJC_ROOT_CLASS = YES_ERROR;
				CLANG_WARN_QUOTED_INCLUDE_IN_FRAMEWORK_HEADER = YES;
				CLANG_WARN_RANGE_LOOP_ANALYSIS = YES;
				CLANG_WARN_STRICT_PROTOTYPES = YES;
				CLANG_WARN_SUSPICIOUS_MOVE = YES;
				CLANG_WARN_UNGUARDED_AVAILABILITY = YES_AGGRESSIVE;
				CLANG_WARN_UNREACHABLE_CODE = YES;
				CLANG_WARN__DUPLICATE_METHOD_MATCH = YES;
				COPY_PHASE_STRIP = NO;
				DEBUG_INFORMATION_FORMAT = "dwarf-with-dsym";
				ENABLE_NS_ASSERTIONS = NO;
				ENABLE_STRICT_OBJC_MSGSEND = YES;
				ENABLE_USER_SCRIPT_SANDBOXING = YES;
				GCC_C_LANGUAGE_STANDARD = gnu17;
				GCC_NO_COMMON_BLOCKS = YES;
				GCC_WARN_64_TO_32_BIT_CONVERSION = YES;
				GCC_WARN_ABOUT_RETURN_TYPE = YES_ERROR;
				GCC_WARN_UNDECLARED_SELECTOR = YES;
				GCC_WARN_UNINITIALIZED_AUTOS = YES_AGGRESSIVE;
				GCC_WARN_UNUSED_FUNCTION = YES;
				GCC_WARN_UNUSED_VARIABLE = YES;
				IPHONEOS_DEPLOYMENT_TARGET = 17.0;
				LOCALIZATION_PREFERS_STRING_CATALOGS = YES;
				MTL_ENABLE_DEBUG_INFO = NO;
				MTL_FAST_MATH = YES;
				SDKROOT = iphoneos;
				SWIFT_COMPILATION_MODE = wholemodule;
				VALIDATE_PRODUCT = YES;
			};
			name = Release;
		};
		DCA8BBF42AF04893004B1D6C /* Debug */ = {
			isa = XCBuildConfiguration;
			buildSettings = {
				ASSETCATALOG_COMPILER_APPICON_NAME = AppIcon;
				ASSETCATALOG_COMPILER_GLOBAL_ACCENT_COLOR_NAME = AccentColor;
				CODE_SIGN_ENTITLEMENTS = TrainingApp/TrainingApp.entitlements;
				CODE_SIGN_STYLE = Automatic;
				CURRENT_PROJECT_VERSION = 1;
				DEVELOPMENT_ASSET_PATHS = "\"TrainingApp/Preview Content\"";
				DEVELOPMENT_TEAM = 8D9UUVQPXT;
				ENABLE_PREVIEWS = YES;
				GENERATE_INFOPLIST_FILE = YES;
				INFOPLIST_KEY_NSHealthShareUsageDescription = "Please allow access to enjoy all the features of our application.";
				INFOPLIST_KEY_UIApplicationSceneManifest_Generation = YES;
				INFOPLIST_KEY_UIApplicationSupportsIndirectInputEvents = YES;
				INFOPLIST_KEY_UILaunchScreen_Generation = YES;
				INFOPLIST_KEY_UISupportedInterfaceOrientations_iPad = "UIInterfaceOrientationPortrait UIInterfaceOrientationPortraitUpsideDown UIInterfaceOrientationLandscapeLeft UIInterfaceOrientationLandscapeRight";
				INFOPLIST_KEY_UISupportedInterfaceOrientations_iPhone = "UIInterfaceOrientationPortrait UIInterfaceOrientationLandscapeLeft UIInterfaceOrientationLandscapeRight";
				LD_RUNPATH_SEARCH_PATHS = (
					"$(inherited)",
					"@executable_path/Frameworks",
				);
				MARKETING_VERSION = 1.0;
				PRODUCT_BUNDLE_IDENTIFIER = com.arlensapp.TrainingApp;
				PRODUCT_NAME = Phesian;
				SWIFT_EMIT_LOC_STRINGS = YES;
				SWIFT_VERSION = 5.0;
				TARGETED_DEVICE_FAMILY = "1,2";
			};
			name = Debug;
		};
		DCA8BBF52AF04893004B1D6C /* Release */ = {
			isa = XCBuildConfiguration;
			buildSettings = {
				ASSETCATALOG_COMPILER_APPICON_NAME = AppIcon;
				ASSETCATALOG_COMPILER_GLOBAL_ACCENT_COLOR_NAME = AccentColor;
				CODE_SIGN_ENTITLEMENTS = TrainingApp/TrainingApp.entitlements;
				CODE_SIGN_STYLE = Automatic;
				CURRENT_PROJECT_VERSION = 1;
				DEVELOPMENT_ASSET_PATHS = "\"TrainingApp/Preview Content\"";
				DEVELOPMENT_TEAM = 8D9UUVQPXT;
				ENABLE_PREVIEWS = YES;
				GENERATE_INFOPLIST_FILE = YES;
				INFOPLIST_KEY_NSHealthShareUsageDescription = "Please allow access to enjoy all the features of our application.";
				INFOPLIST_KEY_UIApplicationSceneManifest_Generation = YES;
				INFOPLIST_KEY_UIApplicationSupportsIndirectInputEvents = YES;
				INFOPLIST_KEY_UILaunchScreen_Generation = YES;
				INFOPLIST_KEY_UISupportedInterfaceOrientations_iPad = "UIInterfaceOrientationPortrait UIInterfaceOrientationPortraitUpsideDown UIInterfaceOrientationLandscapeLeft UIInterfaceOrientationLandscapeRight";
				INFOPLIST_KEY_UISupportedInterfaceOrientations_iPhone = "UIInterfaceOrientationPortrait UIInterfaceOrientationLandscapeLeft UIInterfaceOrientationLandscapeRight";
				LD_RUNPATH_SEARCH_PATHS = (
					"$(inherited)",
					"@executable_path/Frameworks",
				);
				MARKETING_VERSION = 1.0;
				PRODUCT_BUNDLE_IDENTIFIER = com.arlensapp.TrainingApp;
				PRODUCT_NAME = Phesian;
				SWIFT_EMIT_LOC_STRINGS = YES;
				SWIFT_VERSION = 5.0;
				TARGETED_DEVICE_FAMILY = "1,2";
			};
			name = Release;
		};
		DCC8EA27304F2EB30036250C /* Debug */ = {
			isa = XCBuildConfiguration;
			buildSettings = {
				CODE_SIGN_STYLE = Automatic;
				CURRENT_PROJECT_VERSION = 1;
				INFOPLIST_KEY_CFBundleDisplayName = "TrainingApp Watch App";
				MARKETING_VERSION = 1.0;
				PRODUCT_BUNDLE_IDENTIFIER = "com.arlensapp.TrainingApp-Watch-App";
				PRODUCT_NAME = "$(TARGET_NAME)";
				SWIFT_APPROACHABLE_CONCURRENCY = YES;
				SWIFT_UPCOMING_FEATURE_MEMBER_IMPORT_VISIBILITY = YES;
				SWIFT_VERSION = 5.0;
			};
			name = Debug;
		};
		DCC8EA28304F2EB30036250C /* Release */ = {
			isa = XCBuildConfiguration;
			buildSettings = {
				CODE_SIGN_STYLE = Automatic;
				CURRENT_PROJECT_VERSION = 1;
				INFOPLIST_KEY_CFBundleDisplayName = "TrainingApp Watch App";
				MARKETING_VERSION = 1.0;
				PRODUCT_BUNDLE_IDENTIFIER = "com.arlensapp.TrainingApp-Watch-App";
				PRODUCT_NAME = "$(TARGET_NAME)";
				SWIFT_APPROACHABLE_CONCURRENCY = YES;
				SWIFT_UPCOMING_FEATURE_MEMBER_IMPORT_VISIBILITY = YES;
				SWIFT_VERSION = 5.0;
			};
			name = Release;
		};
		DCC8EA2A304F2EB30036250C /* Debug */ = {
			isa = XCBuildConfiguration;
			buildSettings = {
				ASSETCATALOG_COMPILER_APPICON_NAME = AppIcon;
				ASSETCATALOG_COMPILER_GLOBAL_ACCENT_COLOR_NAME = AccentColor;
				CODE_SIGN_STYLE = Automatic;
				CURRENT_PROJECT_VERSION = 1;
				ENABLE_PREVIEWS = YES;
				GENERATE_INFOPLIST_FILE = YES;
				INFOPLIST_KEY_CFBundleDisplayName = "TrainingApp Watch App";
				INFOPLIST_KEY_UISupportedInterfaceOrientations = "UIInterfaceOrientationPortrait UIInterfaceOrientationPortraitUpsideDown";
				INFOPLIST_KEY_WKWatchOnly = YES;
				LD_RUNPATH_SEARCH_PATHS = (
					"$(inherited)",
					"@executable_path/Frameworks",
				);
				MARKETING_VERSION = 1.0;
				PRODUCT_BUNDLE_IDENTIFIER = "com.arlensapp.TrainingApp-Watch-App.watchkitapp";
				PRODUCT_NAME = "$(TARGET_NAME)";
				SDKROOT = watchos;
				SKIP_INSTALL = YES;
				STRING_CATALOG_GENERATE_SYMBOLS = YES;
				SWIFT_APPROACHABLE_CONCURRENCY = YES;
				SWIFT_DEFAULT_ACTOR_ISOLATION = MainActor;
				SWIFT_EMIT_LOC_STRINGS = YES;
				SWIFT_UPCOMING_FEATURE_MEMBER_IMPORT_VISIBILITY = YES;
				SWIFT_VERSION = 5.0;
				TARGETED_DEVICE_FAMILY = 4;
				WATCHOS_DEPLOYMENT_TARGET = 26.5;
			};
			name = Debug;
		};
		DCC8EA2B304F2EB30036250C /* Release */ = {
			isa = XCBuildConfiguration;
			buildSettings = {
				ASSETCATALOG_COMPILER_APPICON_NAME = AppIcon;
				ASSETCATALOG_COMPILER_GLOBAL_ACCENT_COLOR_NAME = AccentColor;
				CODE_SIGN_STYLE = Automatic;
				CURRENT_PROJECT_VERSION = 1;
				ENABLE_PREVIEWS = YES;
				GENERATE_INFOPLIST_FILE = YES;
				INFOPLIST_KEY_CFBundleDisplayName = "TrainingApp Watch App";
				INFOPLIST_KEY_UISupportedInterfaceOrientations = "UIInterfaceOrientationPortrait UIInterfaceOrientationPortraitUpsideDown";
				INFOPLIST_KEY_WKWatchOnly = YES;
				LD_RUNPATH_SEARCH_PATHS = (
					"$(inherited)",
					"@executable_path/Frameworks",
				);
				MARKETING_VERSION = 1.0;
				PRODUCT_BUNDLE_IDENTIFIER = "com.arlensapp.TrainingApp-Watch-App.watchkitapp";
				PRODUCT_NAME = "$(TARGET_NAME)";
				SDKROOT = watchos;
				SKIP_INSTALL = YES;
				STRING_CATALOG_GENERATE_SYMBOLS = YES;
				SWIFT_APPROACHABLE_CONCURRENCY = YES;
				SWIFT_DEFAULT_ACTOR_ISOLATION = MainActor;
				SWIFT_EMIT_LOC_STRINGS = YES;
				SWIFT_UPCOMING_FEATURE_MEMBER_IMPORT_VISIBILITY = YES;
				SWIFT_VERSION = 5.0;
				TARGETED_DEVICE_FAMILY = 4;
				WATCHOS_DEPLOYMENT_TARGET = 26.5;
			};
			name = Release;
		};
		DCC8EA2C304F2EB30036250C /* Debug */ = {
			isa = XCBuildConfiguration;
			buildSettings = {
				BUNDLE_LOADER = "$(TEST_HOST)";
				CODE_SIGN_STYLE = Automatic;
				CURRENT_PROJECT_VERSION = 1;
				GENERATE_INFOPLIST_FILE = YES;
				MARKETING_VERSION = 1.0;
				PRODUCT_BUNDLE_IDENTIFIER = "com.arlensapp.TrainingApp-Watch-App-Watch-AppTests";
				PRODUCT_NAME = "$(TARGET_NAME)";
				SDKROOT = watchos;
				STRING_CATALOG_GENERATE_SYMBOLS = NO;
				SWIFT_APPROACHABLE_CONCURRENCY = YES;
				SWIFT_EMIT_LOC_STRINGS = NO;
				SWIFT_UPCOMING_FEATURE_MEMBER_IMPORT_VISIBILITY = YES;
				SWIFT_VERSION = 5.0;
				TARGETED_DEVICE_FAMILY = 4;
				TEST_HOST = "$(BUILT_PRODUCTS_DIR)/TrainingApp Watch App Watch App.app/$(BUNDLE_EXECUTABLE_FOLDER_PATH)/TrainingApp Watch App Watch App";
				WATCHOS_DEPLOYMENT_TARGET = 26.5;
			};
			name = Debug;
		};
		DCC8EA2D304F2EB30036250C /* Release */ = {
			isa = XCBuildConfiguration;
			buildSettings = {
				BUNDLE_LOADER = "$(TEST_HOST)";
				CODE_SIGN_STYLE = Automatic;
				CURRENT_PROJECT_VERSION = 1;
				GENERATE_INFOPLIST_FILE = YES;
				MARKETING_VERSION = 1.0;
				PRODUCT_BUNDLE_IDENTIFIER = "com.arlensapp.TrainingApp-Watch-App-Watch-AppTests";
				PRODUCT_NAME = "$(TARGET_NAME)";
				SDKROOT = watchos;
				STRING_CATALOG_GENERATE_SYMBOLS = NO;
				SWIFT_APPROACHABLE_CONCURRENCY = YES;
				SWIFT_EMIT_LOC_STRINGS = NO;
				SWIFT_UPCOMING_FEATURE_MEMBER_IMPORT_VISIBILITY = YES;
				SWIFT_VERSION = 5.0;
				TARGETED_DEVICE_FAMILY = 4;
				TEST_HOST = "$(BUILT_PRODUCTS_DIR)/TrainingApp Watch App Watch App.app/$(BUNDLE_EXECUTABLE_FOLDER_PATH)/TrainingApp Watch App Watch App";
				WATCHOS_DEPLOYMENT_TARGET = 26.5;
			};
			name = Release;
		};
		DCC8EA2E304F2EB30036250C /* Debug */ = {
			isa = XCBuildConfiguration;
			buildSettings = {
				CODE_SIGN_STYLE = Automatic;
				CURRENT_PROJECT_VERSION = 1;
				GENERATE_INFOPLIST_FILE = YES;
				MARKETING_VERSION = 1.0;
				PRODUCT_BUNDLE_IDENTIFIER = "com.arlensapp.TrainingApp-Watch-App-Watch-AppUITests";
				PRODUCT_NAME = "$(TARGET_NAME)";
				SDKROOT = watchos;
				STRING_CATALOG_GENERATE_SYMBOLS = NO;
				SWIFT_APPROACHABLE_CONCURRENCY = YES;
				SWIFT_EMIT_LOC_STRINGS = NO;
				SWIFT_UPCOMING_FEATURE_MEMBER_IMPORT_VISIBILITY = YES;
				SWIFT_VERSION = 5.0;
				TARGETED_DEVICE_FAMILY = 4;
				TEST_TARGET_NAME = "TrainingApp Watch App Watch App";
				WATCHOS_DEPLOYMENT_TARGET = 26.5;
			};
			name = Debug;
		};
		DCC8EA2F304F2EB30036250C /* Release */ = {
			isa = XCBuildConfiguration;
			buildSettings = {
				CODE_SIGN_STYLE = Automatic;
				CURRENT_PROJECT_VERSION = 1;
				GENERATE_INFOPLIST_FILE = YES;
				MARKETING_VERSION = 1.0;
				PRODUCT_BUNDLE_IDENTIFIER = "com.arlensapp.TrainingApp-Watch-App-Watch-AppUITests";
				PRODUCT_NAME = "$(TARGET_NAME)";
				SDKROOT = watchos;
				STRING_CATALOG_GENERATE_SYMBOLS = NO;
				SWIFT_APPROACHABLE_CONCURRENCY = YES;
				SWIFT_EMIT_LOC_STRINGS = NO;
				SWIFT_UPCOMING_FEATURE_MEMBER_IMPORT_VISIBILITY = YES;
				SWIFT_VERSION = 5.0;
				TARGETED_DEVICE_FAMILY = 4;
				TEST_TARGET_NAME = "TrainingApp Watch App Watch App";
				WATCHOS_DEPLOYMENT_TARGET = 26.5;
			};
			name = Release;
		};
/* End XCBuildConfiguration section */

/* Begin XCConfigurationList section */
		DC1324EF2CA19C900014185A /* Build configuration list for PBXNativeTarget "Phesian" */ = {
			isa = XCConfigurationList;
			buildConfigurations = (
				DC1324E92CA19C900014185A /* Debug */,
				DC1324EA2CA19C900014185A /* Release */,
			);
			defaultConfigurationIsVisible = 0;
			defaultConfigurationName = Release;
		};
		DC1324F02CA19C900014185A /* Build configuration list for PBXNativeTarget "PhesianTests" */ = {
			isa = XCConfigurationList;
			buildConfigurations = (
				DC1324EB2CA19C900014185A /* Debug */,
				DC1324EC2CA19C900014185A /* Release */,
			);
			defaultConfigurationIsVisible = 0;
			defaultConfigurationName = Release;
		};
		DC1324F12CA19C900014185A /* Build configuration list for PBXNativeTarget "PhesianUITests" */ = {
			isa = XCConfigurationList;
			buildConfigurations = (
				DC1324ED2CA19C900014185A /* Debug */,
				DC1324EE2CA19C900014185A /* Release */,
			);
			defaultConfigurationIsVisible = 0;
			defaultConfigurationName = Release;
		};
		DCA8BBE02AF04892004B1D6C /* Build configuration list for PBXProject "TrainingApp" */ = {
			isa = XCConfigurationList;
			buildConfigurations = (
				DCA8BBF12AF04893004B1D6C /* Debug */,
				DCA8BBF22AF04893004B1D6C /* Release */,
			);
			defaultConfigurationIsVisible = 0;
			defaultConfigurationName = Release;
		};
		DCA8BBF32AF04893004B1D6C /* Build configuration list for PBXNativeTarget "TrainingApp" */ = {
			isa = XCConfigurationList;
			buildConfigurations = (
				DCA8BBF42AF04893004B1D6C /* Debug */,
				DCA8BBF52AF04893004B1D6C /* Release */,
			);
			defaultConfigurationIsVisible = 0;
			defaultConfigurationName = Release;
		};
		DCC8EA30304F2EB30036250C /* Build configuration list for PBXNativeTarget "TrainingApp Watch App Watch App" */ = {
			isa = XCConfigurationList;
			buildConfigurations = (
				DCC8EA2A304F2EB30036250C /* Debug */,
				DCC8EA2B304F2EB30036250C /* Release */,
			);
			defaultConfigurationIsVisible = 0;
			defaultConfigurationName = Release;
		};
		DCC8EA31304F2EB30036250C /* Build configuration list for PBXNativeTarget "TrainingApp Watch App" */ = {
			isa = XCConfigurationList;
			buildConfigurations = (
				DCC8EA27304F2EB30036250C /* Debug */,
				DCC8EA28304F2EB30036250C /* Release */,
			);
			defaultConfigurationIsVisible = 0;
			defaultConfigurationName = Release;
		};
		DCC8EA32304F2EB30036250C /* Build configuration list for PBXNativeTarget "TrainingApp Watch App Watch AppTests" */ = {
			isa = XCConfigurationList;
			buildConfigurations = (
				DCC8EA2C304F2EB30036250C /* Debug */,
				DCC8EA2D304F2EB30036250C /* Release */,
			);
			defaultConfigurationIsVisible = 0;
			defaultConfigurationName = Release;
		};
		DCC8EA33304F2EB30036250C /* Build configuration list for PBXNativeTarget "TrainingApp Watch App Watch AppUITests" */ = {
			isa = XCConfigurationList;
			buildConfigurations = (
				DCC8EA2E304F2EB30036250C /* Debug */,
				DCC8EA2F304F2EB30036250C /* Release */,
			);
			defaultConfigurationIsVisible = 0;
			defaultConfigurationName = Release;
		};
/* End XCConfigurationList section */

/* Begin XCRemoteSwiftPackageReference section */
		DC3F22912B2E7D5B00BE575B /* XCRemoteSwiftPackageReference "firebase-ios-sdk" */ = {
			isa = XCRemoteSwiftPackageReference;
			repositoryURL = "https://github.com/firebase/firebase-ios-sdk";
			requirement = {
				kind = upToNextMajorVersion;
				minimumVersion = 10.19.1;
			};
		};
/* End XCRemoteSwiftPackageReference section */

/* Begin XCSwiftPackageProductDependency section */
		DC3F22922B2E7D5B00BE575B /* FirebaseAnalytics */ = {
			isa = XCSwiftPackageProductDependency;
			package = DC3F22912B2E7D5B00BE575B /* XCRemoteSwiftPackageReference "firebase-ios-sdk" */;
			productName = FirebaseAnalytics;
		};
		DC3F22942B2E7D5B00BE575B /* FirebaseAnalyticsOnDeviceConversion */ = {
			isa = XCSwiftPackageProductDependency;
			package = DC3F22912B2E7D5B00BE575B /* XCRemoteSwiftPackageReference "firebase-ios-sdk" */;
			productName = FirebaseAnalyticsOnDeviceConversion;
		};
		DC3F22962B2E7D5B00BE575B /* FirebaseAnalyticsSwift */ = {
			isa = XCSwiftPackageProductDependency;
			package = DC3F22912B2E7D5B00BE575B /* XCRemoteSwiftPackageReference "firebase-ios-sdk" */;
			productName = FirebaseAnalyticsSwift;
		};
		DC3F22982B2E7D5B00BE575B /* FirebaseAnalyticsWithoutAdIdSupport */ = {
			isa = XCSwiftPackageProductDependency;
			package = DC3F22912B2E7D5B00BE575B /* XCRemoteSwiftPackageReference "firebase-ios-sdk" */;
			productName = FirebaseAnalyticsWithoutAdIdSupport;
		};
		DC3F229A2B2E7D5B00BE575B /* FirebaseAppCheck */ = {
			isa = XCSwiftPackageProductDependency;
			package = DC3F22912B2E7D5B00BE575B /* XCRemoteSwiftPackageReference "firebase-ios-sdk" */;
			productName = FirebaseAppCheck;
		};
		DC3F229C2B2E7D5B00BE575B /* FirebaseAppDistribution-Beta */ = {
			isa = XCSwiftPackageProductDependency;
			package = DC3F22912B2E7D5B00BE575B /* XCRemoteSwiftPackageReference "firebase-ios-sdk" */;
			productName = "FirebaseAppDistribution-Beta";
		};
		DC3F229E2B2E7D5B00BE575B /* FirebaseAuth */ = {
			isa = XCSwiftPackageProductDependency;
			package = DC3F22912B2E7D5B00BE575B /* XCRemoteSwiftPackageReference "firebase-ios-sdk" */;
			productName = FirebaseAuth;
		};
		DC3F22A02B2E7D5B00BE575B /* FirebaseAuthCombine-Community */ = {
			isa = XCSwiftPackageProductDependency;
			package = DC3F22912B2E7D5B00BE575B /* XCRemoteSwiftPackageReference "firebase-ios-sdk" */;
			productName = "FirebaseAuthCombine-Community";
		};
		DC3F22A22B2E7D5B00BE575B /* FirebaseCrashlytics */ = {
			isa = XCSwiftPackageProductDependency;
			package = DC3F22912B2E7D5B00BE575B /* XCRemoteSwiftPackageReference "firebase-ios-sdk" */;
			productName = FirebaseCrashlytics;
		};
		DC3F22A42B2E7D5B00BE575B /* FirebaseDatabase */ = {
			isa = XCSwiftPackageProductDependency;
			package = DC3F22912B2E7D5B00BE575B /* XCRemoteSwiftPackageReference "firebase-ios-sdk" */;
			productName = FirebaseDatabase;
		};
		DC3F22A62B2E7D5B00BE575B /* FirebaseDatabaseSwift */ = {
			isa = XCSwiftPackageProductDependency;
			package = DC3F22912B2E7D5B00BE575B /* XCRemoteSwiftPackageReference "firebase-ios-sdk" */;
			productName = FirebaseDatabaseSwift;
		};
		DC3F22A82B2E7D5B00BE575B /* FirebaseDynamicLinks */ = {
			isa = XCSwiftPackageProductDependency;
			package = DC3F22912B2E7D5B00BE575B /* XCRemoteSwiftPackageReference "firebase-ios-sdk" */;
			productName = FirebaseDynamicLinks;
		};
		DC3F22AA2B2E7D5B00BE575B /* FirebaseFirestore */ = {
			isa = XCSwiftPackageProductDependency;
			package = DC3F22912B2E7D5B00BE575B /* XCRemoteSwiftPackageReference "firebase-ios-sdk" */;
			productName = FirebaseFirestore;
		};
		DC3F22AC2B2E7D5B00BE575B /* FirebaseFirestoreCombine-Community */ = {
			isa = XCSwiftPackageProductDependency;
			package = DC3F22912B2E7D5B00BE575B /* XCRemoteSwiftPackageReference "firebase-ios-sdk" */;
			productName = "FirebaseFirestoreCombine-Community";
		};
		DC3F22AE2B2E7D5B00BE575B /* FirebaseFirestoreSwift */ = {
			isa = XCSwiftPackageProductDependency;
			package = DC3F22912B2E7D5B00BE575B /* XCRemoteSwiftPackageReference "firebase-ios-sdk" */;
			productName = FirebaseFirestoreSwift;
		};
		DC3F22B02B2E7D5B00BE575B /* FirebaseFunctions */ = {
			isa = XCSwiftPackageProductDependency;
			package = DC3F22912B2E7D5B00BE575B /* XCRemoteSwiftPackageReference "firebase-ios-sdk" */;
			productName = FirebaseFunctions;
		};
		DC3F22B22B2E7D5B00BE575B /* FirebaseFunctionsCombine-Community */ = {
			isa = XCSwiftPackageProductDependency;
			package = DC3F22912B2E7D5B00BE575B /* XCRemoteSwiftPackageReference "firebase-ios-sdk" */;
			productName = "FirebaseFunctionsCombine-Community";
		};
		DC3F22B42B2E7D5B00BE575B /* FirebaseInAppMessaging-Beta */ = {
			isa = XCSwiftPackageProductDependency;
			package = DC3F22912B2E7D5B00BE575B /* XCRemoteSwiftPackageReference "firebase-ios-sdk" */;
			productName = "FirebaseInAppMessaging-Beta";
		};
		DC3F22B62B2E7D5B00BE575B /* FirebaseInAppMessagingSwift-Beta */ = {
			isa = XCSwiftPackageProductDependency;
			package = DC3F22912B2E7D5B00BE575B /* XCRemoteSwiftPackageReference "firebase-ios-sdk" */;
			productName = "FirebaseInAppMessagingSwift-Beta";
		};
		DC3F22B82B2E7D5B00BE575B /* FirebaseInstallations */ = {
			isa = XCSwiftPackageProductDependency;
			package = DC3F22912B2E7D5B00BE575B /* XCRemoteSwiftPackageReference "firebase-ios-sdk" */;
			productName = FirebaseInstallations;
		};
		DC3F22BA2B2E7D5B00BE575B /* FirebaseMLModelDownloader */ = {
			isa = XCSwiftPackageProductDependency;
			package = DC3F22912B2E7D5B00BE575B /* XCRemoteSwiftPackageReference "firebase-ios-sdk" */;
			productName = FirebaseMLModelDownloader;
		};
		DC3F22BC2B2E7D5B00BE575B /* FirebaseMessaging */ = {
			isa = XCSwiftPackageProductDependency;
			package = DC3F22912B2E7D5B00BE575B /* XCRemoteSwiftPackageReference "firebase-ios-sdk" */;
			productName = FirebaseMessaging;
		};
		DC3F22BE2B2E7D5B00BE575B /* FirebasePerformance */ = {
			isa = XCSwiftPackageProductDependency;
			package = DC3F22912B2E7D5B00BE575B /* XCRemoteSwiftPackageReference "firebase-ios-sdk" */;
			productName = FirebasePerformance;
		};
		DC3F22C02B2E7D5B00BE575B /* FirebaseRemoteConfig */ = {
			isa = XCSwiftPackageProductDependency;
			package = DC3F22912B2E7D5B00BE575B /* XCRemoteSwiftPackageReference "firebase-ios-sdk" */;
			productName = FirebaseRemoteConfig;
		};
		DC3F22C22B2E7D5B00BE575B /* FirebaseRemoteConfigSwift */ = {
			isa = XCSwiftPackageProductDependency;
			package = DC3F22912B2E7D5B00BE575B /* XCRemoteSwiftPackageReference "firebase-ios-sdk" */;
			productName = FirebaseRemoteConfigSwift;
		};
		DC3F22C42B2E7D5B00BE575B /* FirebaseStorage */ = {
			isa = XCSwiftPackageProductDependency;
			package = DC3F22912B2E7D5B00BE575B /* XCRemoteSwiftPackageReference "firebase-ios-sdk" */;
			productName = FirebaseStorage;
		};
		DC3F22C62B2E7D5B00BE575B /* FirebaseStorageCombine-Community */ = {
			isa = XCSwiftPackageProductDependency;
			package = DC3F22912B2E7D5B00BE575B /* XCRemoteSwiftPackageReference "firebase-ios-sdk" */;
			productName = "FirebaseStorageCombine-Community";
		};
/* End XCSwiftPackageProductDependency section */
	};
	rootObject = DCA8BBDD2AF04892004B1D6C /* Project object */;
}
